// !$*UTF8*$!
{
	archiveVersion = 1;
	classes = {
	};
	objectVersion = 51;
	objects = {

/* Begin PBXBuildFile section */
		4D00610B2799344200E13D26 /* QRCodeScannerViewController.swift in Sources */ = {isa = PBXBuildFile; fileRef = 4D00610A2799344200E13D26 /* QRCodeScannerViewController.swift */; };
		4D116BF2276453590065C07D /* LeaveDetailsView.storyboard in Resources */ = {isa = PBXBuildFile; fileRef = 4D116BF1276453590065C07D /* LeaveDetailsView.storyboard */; };
		4D116BF52764791A0065C07D /* LeaveDetailsControllerCell.swift in Sources */ = {isa = PBXBuildFile; fileRef = 4D116BF32764791A0065C07D /* LeaveDetailsControllerCell.swift */; };
		4D116BF62764791A0065C07D /* LeaveDetailsControllerCell.xib in Resources */ = {isa = PBXBuildFile; fileRef = 4D116BF42764791A0065C07D /* LeaveDetailsControllerCell.xib */; };
		4D116BFB276491070065C07D /* LeaveSummaryCollectionCell.swift in Sources */ = {isa = PBXBuildFile; fileRef = 4D116BF9276491070065C07D /* LeaveSummaryCollectionCell.swift */; };
		4D116BFC276491070065C07D /* LeaveSummaryCollectionCell.xib in Resources */ = {isa = PBXBuildFile; fileRef = 4D116BFA276491070065C07D /* LeaveSummaryCollectionCell.xib */; };
		4D27A67C276D8F7400F0E4BA /* LWPTitleView.xib in Resources */ = {isa = PBXBuildFile; fileRef = 4D27A67B276D8F7400F0E4BA /* LWPTitleView.xib */; };
		4D27A67E276D8F8300F0E4BA /* LWPTitleView.swift in Sources */ = {isa = PBXBuildFile; fileRef = 4D27A67D276D8F8300F0E4BA /* LWPTitleView.swift */; };
		4D27A681276D970B00F0E4BA /* LWPViewControllerCell.swift in Sources */ = {isa = PBXBuildFile; fileRef = 4D27A67F276D970B00F0E4BA /* LWPViewControllerCell.swift */; };
		4D27A682276D970B00F0E4BA /* LWPViewControllerCell.xib in Resources */ = {isa = PBXBuildFile; fileRef = 4D27A680276D970B00F0E4BA /* LWPViewControllerCell.xib */; };
		4D27A684276DB2EF00F0E4BA /* HPDTitleView.xib in Resources */ = {isa = PBXBuildFile; fileRef = 4D27A683276DB2EF00F0E4BA /* HPDTitleView.xib */; };
		4D27A686276DB30E00F0E4BA /* HPDTitleView.swift in Sources */ = {isa = PBXBuildFile; fileRef = 4D27A685276DB30E00F0E4BA /* HPDTitleView.swift */; };
		4D27A689276DB4CE00F0E4BA /* HPDViewControllerCell.swift in Sources */ = {isa = PBXBuildFile; fileRef = 4D27A687276DB4CE00F0E4BA /* HPDViewControllerCell.swift */; };
		4D27A68A276DB4CE00F0E4BA /* HPDViewControllerCell.xib in Resources */ = {isa = PBXBuildFile; fileRef = 4D27A688276DB4CE00F0E4BA /* HPDViewControllerCell.xib */; };
		4D27A68C276DD97900F0E4BA /* BWPDTitleView.xib in Resources */ = {isa = PBXBuildFile; fileRef = 4D27A68B276DD97900F0E4BA /* BWPDTitleView.xib */; };
		4D27A68E276DD9D000F0E4BA /* BWPDTitleView.swift in Sources */ = {isa = PBXBuildFile; fileRef = 4D27A68D276DD9D000F0E4BA /* BWPDTitleView.swift */; };
		4D27A691276DD9ED00F0E4BA /* BWPDTitleViewControllerCell.swift in Sources */ = {isa = PBXBuildFile; fileRef = 4D27A68F276DD9ED00F0E4BA /* BWPDTitleViewControllerCell.swift */; };
		4D27A692276DD9ED00F0E4BA /* BWPDTitleViewControllerCell.xib in Resources */ = {isa = PBXBuildFile; fileRef = 4D27A690276DD9ED00F0E4BA /* BWPDTitleViewControllerCell.xib */; };
		4D466E40275DD51C005F0E3C /* LeaveApply.storyboard in Resources */ = {isa = PBXBuildFile; fileRef = 4D466E3F275DD51C005F0E3C /* LeaveApply.storyboard */; };
		4D466E44275DD57C005F0E3C /* Tax.storyboard in Resources */ = {isa = PBXBuildFile; fileRef = 4D466E43275DD57C005F0E3C /* Tax.storyboard */; };
		4D466E47275DDE45005F0E3C /* TaxDetailsViewController.swift in Sources */ = {isa = PBXBuildFile; fileRef = 4D466E46275DDE45005F0E3C /* TaxDetailsViewController.swift */; };
		4D466E49275DDE70005F0E3C /* LeaveDetailsViewController.swift in Sources */ = {isa = PBXBuildFile; fileRef = 4D466E48275DDE70005F0E3C /* LeaveDetailsViewController.swift */; };
		4D7665BB275F5A5900358097 /* DailyAttendanceTableViewCell.swift in Sources */ = {isa = PBXBuildFile; fileRef = 4D7665B9275F5A5900358097 /* DailyAttendanceTableViewCell.swift */; };
		4D7665BC275F5A5900358097 /* DailyAttendanceTableViewCell.xib in Resources */ = {isa = PBXBuildFile; fileRef = 4D7665BA275F5A5900358097 /* DailyAttendanceTableViewCell.xib */; };
		4D7FB4CA2744D45100B318DA /* AppDelegate.swift in Sources */ = {isa = PBXBuildFile; fileRef = 4D7FB4C92744D45100B318DA /* AppDelegate.swift */; };
		4D7FB4CC2744D45100B318DA /* SceneDelegate.swift in Sources */ = {isa = PBXBuildFile; fileRef = 4D7FB4CB2744D45100B318DA /* SceneDelegate.swift */; };
		4D7FB4CE2744D45100B318DA /* ViewController.swift in Sources */ = {isa = PBXBuildFile; fileRef = 4D7FB4CD2744D45100B318DA /* ViewController.swift */; };
		4D7FB4D12744D45100B318DA /* Main.storyboard in Resources */ = {isa = PBXBuildFile; fileRef = 4D7FB4CF2744D45100B318DA /* Main.storyboard */; };
		4D7FB4D32744D45200B318DA /* Assets.xcassets in Resources */ = {isa = PBXBuildFile; fileRef = 4D7FB4D22744D45200B318DA /* Assets.xcassets */; };
		4D7FB4D62744D45200B318DA /* LaunchScreen.storyboard in Resources */ = {isa = PBXBuildFile; fileRef = 4D7FB4D42744D45200B318DA /* LaunchScreen.storyboard */; };
		4D8C5B4B27994E3D00FB8D3F /* PopUpViewController.swift in Sources */ = {isa = PBXBuildFile; fileRef = 4D8C5B4A27994E3D00FB8D3F /* PopUpViewController.swift */; };
		4D98C34727AA797000A29539 /* AlertDialogViewController.swift in Sources */ = {isa = PBXBuildFile; fileRef = 4D98C34627AA797000A29539 /* AlertDialogViewController.swift */; };
		4D99D96D2765C8B3004E6259 /* TaxDetailsViewControllerCell.swift in Sources */ = {isa = PBXBuildFile; fileRef = 4D99D96B2765C8B3004E6259 /* TaxDetailsViewControllerCell.swift */; };
		4D99D96E2765C8B3004E6259 /* TaxDetailsViewControllerCell.xib in Resources */ = {isa = PBXBuildFile; fileRef = 4D99D96C2765C8B3004E6259 /* TaxDetailsViewControllerCell.xib */; };
		4D9A2B3227A4F4E700F86700 /* DDBodyView.swift in Sources */ = {isa = PBXBuildFile; fileRef = 4D9A2B3127A4F4E700F86700 /* DDBodyView.swift */; };
		4D9A2B3427A4F4F900F86700 /* DDBodyView.xib in Resources */ = {isa = PBXBuildFile; fileRef = 4D9A2B3327A4F4F900F86700 /* DDBodyView.xib */; };
		4D9A2B3727A500AE00F86700 /* TrackingListViewCell.swift in Sources */ = {isa = PBXBuildFile; fileRef = 4D9A2B3527A500AE00F86700 /* TrackingListViewCell.swift */; };
		4D9A2B3827A500AE00F86700 /* TrackingListViewCell.xib in Resources */ = {isa = PBXBuildFile; fileRef = 4D9A2B3627A500AE00F86700 /* TrackingListViewCell.xib */; };
		4D9A2B3A27A5178200F86700 /* TrackingDetailsBodyView.xib in Resources */ = {isa = PBXBuildFile; fileRef = 4D9A2B3927A5178200F86700 /* TrackingDetailsBodyView.xib */; };
		4D9A2B3C27A5179200F86700 /* TrackingDetailsBodyView.swift in Sources */ = {isa = PBXBuildFile; fileRef = 4D9A2B3B27A5179200F86700 /* TrackingDetailsBodyView.swift */; };
		4D9A2B3E27A526E200F86700 /* TrackingTableBodyView.xib in Resources */ = {isa = PBXBuildFile; fileRef = 4D9A2B3D27A526E200F86700 /* TrackingTableBodyView.xib */; };
		4D9A2B4027A526FB00F86700 /* TrackingTableBodyView.swift in Sources */ = {isa = PBXBuildFile; fileRef = 4D9A2B3F27A526FB00F86700 /* TrackingTableBodyView.swift */; };
		4D9A2B4327A54A3700F86700 /* TrackingDetailsTableViewCell.swift in Sources */ = {isa = PBXBuildFile; fileRef = 4D9A2B4127A54A3700F86700 /* TrackingDetailsTableViewCell.swift */; };
		4D9A2B4427A54A3700F86700 /* TrackingDetailsTableViewCell.xib in Resources */ = {isa = PBXBuildFile; fileRef = 4D9A2B4227A54A3700F86700 /* TrackingDetailsTableViewCell.xib */; };
		4D9E269127858F4B00EA93C2 /* ApprovalBgView.xib in Resources */ = {isa = PBXBuildFile; fileRef = 4D9E269027858F4B00EA93C2 /* ApprovalBgView.xib */; };
		4D9E269327858F7000EA93C2 /* ApprovalBgView.swift in Sources */ = {isa = PBXBuildFile; fileRef = 4D9E269227858F7000EA93C2 /* ApprovalBgView.swift */; };
		4D9E269527859B6900EA93C2 /* HeaderBarTableView.xib in Resources */ = {isa = PBXBuildFile; fileRef = 4D9E269427859B6900EA93C2 /* HeaderBarTableView.xib */; };
		4D9E269727859B7700EA93C2 /* HeaderBarTableView.swift in Sources */ = {isa = PBXBuildFile; fileRef = 4D9E269627859B7700EA93C2 /* HeaderBarTableView.swift */; };
		4D9E269A27859BFD00EA93C2 /* LeaveApprovalItemViewCell.swift in Sources */ = {isa = PBXBuildFile; fileRef = 4D9E269827859BFD00EA93C2 /* LeaveApprovalItemViewCell.swift */; };
		4D9E269B27859BFD00EA93C2 /* LeaveApprovalItemViewCell.xib in Resources */ = {isa = PBXBuildFile; fileRef = 4D9E269927859BFD00EA93C2 /* LeaveApprovalItemViewCell.xib */; };
		4DA4052427A2B82400E0B7F4 /* DD.storyboard in Resources */ = {isa = PBXBuildFile; fileRef = 4DA4052327A2B82400E0B7F4 /* DD.storyboard */; };
		4DA4052927A2B89300E0B7F4 /* DDViewController.swift in Sources */ = {isa = PBXBuildFile; fileRef = 4DA4052827A2B89300E0B7F4 /* DDViewController.swift */; };
		4DA4052B27A2B8A800E0B7F4 /* TrackingListDetailsViewController.swift in Sources */ = {isa = PBXBuildFile; fileRef = 4DA4052A27A2B8A800E0B7F4 /* TrackingListDetailsViewController.swift */; };
		4DA4052D27A2B8B900E0B7F4 /* TrackingListViewController.swift in Sources */ = {isa = PBXBuildFile; fileRef = 4DA4052C27A2B8B900E0B7F4 /* TrackingListViewController.swift */; };
		4DA65128274CA30F00488332 /* HomeScreenBody.xib in Resources */ = {isa = PBXBuildFile; fileRef = 4DA65127274CA30F00488332 /* HomeScreenBody.xib */; };
		4DA6512D274CA55A00488332 /* XibView.swift in Sources */ = {isa = PBXBuildFile; fileRef = 4DA6512C274CA55A00488332 /* XibView.swift */; };
		4DA6512F274CC85E00488332 /* HomeScreenBody.swift in Sources */ = {isa = PBXBuildFile; fileRef = 4DA6512E274CC85E00488332 /* HomeScreenBody.swift */; };
		4DAA63392768647E0073DBB0 /* GPMSViewController.swift in Sources */ = {isa = PBXBuildFile; fileRef = 4DAA63382768647E0073DBB0 /* GPMSViewController.swift */; };
		4DAA633F2768660B0073DBB0 /* HPDsViewController.swift in Sources */ = {isa = PBXBuildFile; fileRef = 4DAA633E2768660B0073DBB0 /* HPDsViewController.swift */; };
		4DAA63412768661D0073DBB0 /* BWPDViewController.swift in Sources */ = {isa = PBXBuildFile; fileRef = 4DAA63402768661D0073DBB0 /* BWPDViewController.swift */; };
		4DAA63432768662B0073DBB0 /* HPDViewController.swift in Sources */ = {isa = PBXBuildFile; fileRef = 4DAA63422768662B0073DBB0 /* HPDViewController.swift */; };
		4DAA6345276866420073DBB0 /* LWPViewController.swift in Sources */ = {isa = PBXBuildFile; fileRef = 4DAA6344276866420073DBB0 /* LWPViewController.swift */; };
		4DAA634B276877F20073DBB0 /* GPMSBodyView.xib in Resources */ = {isa = PBXBuildFile; fileRef = 4DAA634A276877F20073DBB0 /* GPMSBodyView.xib */; };
		4DAA634D276878100073DBB0 /* GPMSBodyView.swift in Sources */ = {isa = PBXBuildFile; fileRef = 4DAA634C276878100073DBB0 /* GPMSBodyView.swift */; };
		4DB0E0DD2766FB0800B188E6 /* LeaveApplyViewController.swift in Sources */ = {isa = PBXBuildFile; fileRef = 4DB0E0DC2766FB0800B188E6 /* LeaveApplyViewController.swift */; };
		4DB0E0DF2766FFD900B188E6 /* ApplyFormView.swift in Sources */ = {isa = PBXBuildFile; fileRef = 4DB0E0DE2766FFD900B188E6 /* ApplyFormView.swift */; };
		4DB0E0E12766FFE700B188E6 /* ApplyFormView.xib in Resources */ = {isa = PBXBuildFile; fileRef = 4DB0E0E02766FFE700B188E6 /* ApplyFormView.xib */; };
		4DB0E0E427674A8200B188E6 /* PMS.storyboard in Resources */ = {isa = PBXBuildFile; fileRef = 4DB0E0E327674A8200B188E6 /* PMS.storyboard */; };
		4DB0E0E627674ABC00B188E6 /* PMSViewController.swift in Sources */ = {isa = PBXBuildFile; fileRef = 4DB0E0E527674ABC00B188E6 /* PMSViewController.swift */; };
		4DB0E0E827675AAE00B188E6 /* PMSBodyView.xib in Resources */ = {isa = PBXBuildFile; fileRef = 4DB0E0E727675AAE00B188E6 /* PMSBodyView.xib */; };
		4DB0E0EA27675AC500B188E6 /* PMSBodyView.swift in Sources */ = {isa = PBXBuildFile; fileRef = 4DB0E0E927675AC500B188E6 /* PMSBodyView.swift */; };
		4DBB3B64274B91C90009339B /* HomeViewController.swift in Sources */ = {isa = PBXBuildFile; fileRef = 4DBB3B63274B91C90009339B /* HomeViewController.swift */; };
		4DBDEAE72760A65A002AD6FF /* LeaveStatusCollectionViewCell.swift in Sources */ = {isa = PBXBuildFile; fileRef = 4DBDEAE62760A65A002AD6FF /* LeaveStatusCollectionViewCell.swift */; };
		4DC2D49427548861000EDCD8 /* InternetConnectionManager.swift in Sources */ = {isa = PBXBuildFile; fileRef = 4DC2D49327548861000EDCD8 /* InternetConnectionManager.swift */; };
		4DC3F4B9276EE2AF005F2958 /* HPDsTotalView.xib in Resources */ = {isa = PBXBuildFile; fileRef = 4DC3F4B8276EE2AF005F2958 /* HPDsTotalView.xib */; };
		4DC3F4BB276EE2D1005F2958 /* HPDsTotalView.swift in Sources */ = {isa = PBXBuildFile; fileRef = 4DC3F4BA276EE2D1005F2958 /* HPDsTotalView.swift */; };
		4DC3F4BE276EF262005F2958 /* HPDsViewControllerCell.swift in Sources */ = {isa = PBXBuildFile; fileRef = 4DC3F4BC276EF262005F2958 /* HPDsViewControllerCell.swift */; };
		4DC3F4BF276EF262005F2958 /* HPDsViewControllerCell.xib in Resources */ = {isa = PBXBuildFile; fileRef = 4DC3F4BD276EF262005F2958 /* HPDsViewControllerCell.xib */; };
		4DC3F4C3276F1886005F2958 /* ATMViewController.swift in Sources */ = {isa = PBXBuildFile; fileRef = 4DC3F4C2276F1886005F2958 /* ATMViewController.swift */; };
		4DC3F4C5276F1898005F2958 /* SEMViewController.swift in Sources */ = {isa = PBXBuildFile; fileRef = 4DC3F4C4276F1898005F2958 /* SEMViewController.swift */; };
		4DC3F4C7276F18D4005F2958 /* SEM.storyboard in Resources */ = {isa = PBXBuildFile; fileRef = 4DC3F4C6276F18D4005F2958 /* SEM.storyboard */; };
		4DC3F4C9276F2077005F2958 /* ATM.storyboard in Resources */ = {isa = PBXBuildFile; fileRef = 4DC3F4C8276F2077005F2958 /* ATM.storyboard */; };
		4DC3F4CB276F2C6D005F2958 /* ATMBodyView.xib in Resources */ = {isa = PBXBuildFile; fileRef = 4DC3F4CA276F2C6D005F2958 /* ATMBodyView.xib */; };
		4DC3F4CD276F2C83005F2958 /* ATMBodyView.swift in Sources */ = {isa = PBXBuildFile; fileRef = 4DC3F4CC276F2C83005F2958 /* ATMBodyView.swift */; };
		4DC3F4CF276F2C9D005F2958 /* SEMBodyView.swift in Sources */ = {isa = PBXBuildFile; fileRef = 4DC3F4CE276F2C9D005F2958 /* SEMBodyView.swift */; };
		4DC3F4D1276F2CAC005F2958 /* SEMBodyView.xib in Resources */ = {isa = PBXBuildFile; fileRef = 4DC3F4D0276F2CAC005F2958 /* SEMBodyView.xib */; };
		4DC4DF152748B48F00EF43ED /* OTPViewController.swift in Sources */ = {isa = PBXBuildFile; fileRef = 4DC4DF142748B48F00EF43ED /* OTPViewController.swift */; };
		4DC4DF172748FD7200EF43ED /* SignupViewController.swift in Sources */ = {isa = PBXBuildFile; fileRef = 4DC4DF162748FD7200EF43ED /* SignupViewController.swift */; };
		4DC7D87F2796AD8800D7762F /* Constant.swift in Sources */ = {isa = PBXBuildFile; fileRef = 4DC7D87E2796AD8800D7762F /* Constant.swift */; };
		4DC804332751F3800006A3E1 /* DailyAttendanceView.xib in Resources */ = {isa = PBXBuildFile; fileRef = 4DC804322751F3800006A3E1 /* DailyAttendanceView.xib */; };
		4DC804352751F3960006A3E1 /* DailyAttendanceView.swift in Sources */ = {isa = PBXBuildFile; fileRef = 4DC804342751F3960006A3E1 /* DailyAttendanceView.swift */; };
		4DC804372752000D0006A3E1 /* DailyAttendanceViewController.swift in Sources */ = {isa = PBXBuildFile; fileRef = 4DC804362752000D0006A3E1 /* DailyAttendanceViewController.swift */; };
		4DC8043A275201930006A3E1 /* CommonHeaderView.swift in Sources */ = {isa = PBXBuildFile; fileRef = 4DC80439275201930006A3E1 /* CommonHeaderView.swift */; };
		4DC8043C275201BB0006A3E1 /* CommonHeaderView.xib in Resources */ = {isa = PBXBuildFile; fileRef = 4DC8043B275201BB0006A3E1 /* CommonHeaderView.xib */; };
		4DC8043E27520BA80006A3E1 /* LeaveViewController.swift in Sources */ = {isa = PBXBuildFile; fileRef = 4DC8043D27520BA80006A3E1 /* LeaveViewController.swift */; };
		4DC8044027520D8B0006A3E1 /* LeaveView.xib in Resources */ = {isa = PBXBuildFile; fileRef = 4DC8043F27520D8B0006A3E1 /* LeaveView.xib */; };
		4DC8044227520DA70006A3E1 /* LeaveView.swift in Sources */ = {isa = PBXBuildFile; fileRef = 4DC8044127520DA70006A3E1 /* LeaveView.swift */; };
		4DC80444275226550006A3E1 /* IncomeTaxViewController.swift in Sources */ = {isa = PBXBuildFile; fileRef = 4DC80443275226550006A3E1 /* IncomeTaxViewController.swift */; };
		4DC804462752266A0006A3E1 /* IncomeTaxView.swift in Sources */ = {isa = PBXBuildFile; fileRef = 4DC804452752266A0006A3E1 /* IncomeTaxView.swift */; };
		4DC80448275226760006A3E1 /* IncomeTaxView.xib in Resources */ = {isa = PBXBuildFile; fileRef = 4DC80447275226760006A3E1 /* IncomeTaxView.xib */; };
		4DC8044A27523DFA0006A3E1 /* NSObject+Extension.swift in Sources */ = {isa = PBXBuildFile; fileRef = 4DC8044927523DFA0006A3E1 /* NSObject+Extension.swift */; };
		4DCDC12127703DD800D3896E /* CommunicationPortalViewController.swift in Sources */ = {isa = PBXBuildFile; fileRef = 4DCDC12027703DD800D3896E /* CommunicationPortalViewController.swift */; };
		4DCDC124277067E700D3896E /* HRISViewController.swift in Sources */ = {isa = PBXBuildFile; fileRef = 4DCDC123277067E700D3896E /* HRISViewController.swift */; };
		4DCDC126277067F900D3896E /* HRIS.storyboard in Resources */ = {isa = PBXBuildFile; fileRef = 4DCDC125277067F900D3896E /* HRIS.storyboard */; };
		4DCDC1282770696E00D3896E /* HRISBodyView.xib in Resources */ = {isa = PBXBuildFile; fileRef = 4DCDC1272770696E00D3896E /* HRISBodyView.xib */; };
		4DCDC12A277069BE00D3896E /* HRISBodyView.swift in Sources */ = {isa = PBXBuildFile; fileRef = 4DCDC129277069BE00D3896E /* HRISBodyView.swift */; };
		4DCDC12C27708BF200D3896E /* LeaveApprovalViewController.swift in Sources */ = {isa = PBXBuildFile; fileRef = 4DCDC12B27708BF200D3896E /* LeaveApprovalViewController.swift */; };
		4DCDC12E2770932A00D3896E /* LeaveApprovalBodyView.xib in Resources */ = {isa = PBXBuildFile; fileRef = 4DCDC12D2770932A00D3896E /* LeaveApprovalBodyView.xib */; };
		4DCDC1302770933B00D3896E /* LeaveApprovalBodyView.swift in Sources */ = {isa = PBXBuildFile; fileRef = 4DCDC12F2770933B00D3896E /* LeaveApprovalBodyView.swift */; };
		4DCDC1332770A14D00D3896E /* LeaveApprovalDetailViewController.swift in Sources */ = {isa = PBXBuildFile; fileRef = 4DCDC1322770A14D00D3896E /* LeaveApprovalDetailViewController.swift */; };
		4DD0DD5E275C6DE5005EE588 /* Utils.swift in Sources */ = {isa = PBXBuildFile; fileRef = 4DD0DD5D275C6DE5005EE588 /* Utils.swift */; };
		4DD0DD6A275C8126005EE588 /* API.swift in Sources */ = {isa = PBXBuildFile; fileRef = 4DD0DD69275C8126005EE588 /* API.swift */; };
		4DD0DD6D275CB7A4005EE588 /* DailyAttendance.storyboard in Resources */ = {isa = PBXBuildFile; fileRef = 4DD0DD6C275CB7A4005EE588 /* DailyAttendance.storyboard */; };
		4DD0DD6F275CB7C7005EE588 /* DailyAttendanceViewControllerDetails.swift in Sources */ = {isa = PBXBuildFile; fileRef = 4DD0DD6E275CB7C7005EE588 /* DailyAttendanceViewControllerDetails.swift */; };
		4DD0DD71275CD5A7005EE588 /* DailyAttendanceBodyView.xib in Resources */ = {isa = PBXBuildFile; fileRef = 4DD0DD70275CD5A7005EE588 /* DailyAttendanceBodyView.xib */; };
		4DD0DD73275CD880005EE588 /* DailyAttendanceBodyView.swift in Sources */ = {isa = PBXBuildFile; fileRef = 4DD0DD72275CD880005EE588 /* DailyAttendanceBodyView.swift */; };
		4DD772BD274DF2EA003261F6 /* HomeHeader.swift in Sources */ = {isa = PBXBuildFile; fileRef = 4DD772BC274DF2EA003261F6 /* HomeHeader.swift */; };
		4DD772BF274DF30D003261F6 /* HomeHeader.xib in Resources */ = {isa = PBXBuildFile; fileRef = 4DD772BE274DF30D003261F6 /* HomeHeader.xib */; };
		4DD772C1274DF8EA003261F6 /* HeaderFooter.swift in Sources */ = {isa = PBXBuildFile; fileRef = 4DD772C0274DF8EA003261F6 /* HeaderFooter.swift */; };
		4DD772C3274DF8FD003261F6 /* HeaderFooter.xib in Resources */ = {isa = PBXBuildFile; fileRef = 4DD772C2274DF8FD003261F6 /* HeaderFooter.xib */; };
		4DD772C7274E4AAC003261F6 /* SideMenuViewController.swift in Sources */ = {isa = PBXBuildFile; fileRef = 4DD772C6274E4AAC003261F6 /* SideMenuViewController.swift */; };
		4DE3854B274F533200707916 /* HRViewController.swift in Sources */ = {isa = PBXBuildFile; fileRef = 4DE3854A274F533200707916 /* HRViewController.swift */; };
		4DE3854D274F537300707916 /* HrBodyView.swift in Sources */ = {isa = PBXBuildFile; fileRef = 4DE3854C274F537300707916 /* HrBodyView.swift */; };
		4DE3854F274F538700707916 /* HrBodyView.xib in Resources */ = {isa = PBXBuildFile; fileRef = 4DE3854E274F538700707916 /* HrBodyView.xib */; };
		4DE38551274F7B7800707916 /* InnerHeader.xib in Resources */ = {isa = PBXBuildFile; fileRef = 4DE38550274F7B7800707916 /* InnerHeader.xib */; };
		4DE38553274F7B8D00707916 /* InnerHeader.swift in Sources */ = {isa = PBXBuildFile; fileRef = 4DE38552274F7B8D00707916 /* InnerHeader.swift */; };
		4DE38555274F866C00707916 /* CommonFooter.swift in Sources */ = {isa = PBXBuildFile; fileRef = 4DE38554274F866C00707916 /* CommonFooter.swift */; };
		4DE38557274F868100707916 /* CommonFooter.xib in Resources */ = {isa = PBXBuildFile; fileRef = 4DE38556274F868100707916 /* CommonFooter.xib */; };
		4DECB9DD278D7314000AC92F /* TotalAmountShowView.xib in Resources */ = {isa = PBXBuildFile; fileRef = 4DECB9DC278D7314000AC92F /* TotalAmountShowView.xib */; };
		4DECB9DF278D732A000AC92F /* TotalAmountShowView.swift in Sources */ = {isa = PBXBuildFile; fileRef = 4DECB9DE278D732A000AC92F /* TotalAmountShowView.swift */; };
		4DECB9E1278D780E000AC92F /* TotalAmountHPDsView.xib in Resources */ = {isa = PBXBuildFile; fileRef = 4DECB9E0278D780E000AC92F /* TotalAmountHPDsView.xib */; };
		4DECB9E3278D7CB4000AC92F /* TotalAmountHPDsView.swift in Sources */ = {isa = PBXBuildFile; fileRef = 4DECB9E2278D7CB4000AC92F /* TotalAmountHPDsView.swift */; };
		DAFE924ADBB6907686B3149C /* Pods_MascoAutomationApp.framework in Frameworks */ = {isa = PBXBuildFile; fileRef = 16B1BCE2C9DB8E528327C359 /* Pods_MascoAutomationApp.framework */; };
/* End PBXBuildFile section */

/* Begin PBXFileReference section */
		16B1BCE2C9DB8E528327C359 /* Pods_MascoAutomationApp.framework */ = {isa = PBXFileReference; explicitFileType = wrapper.framework; includeInIndex = 0; path = Pods_MascoAutomationApp.framework; sourceTree = BUILT_PRODUCTS_DIR; };
		4D00610A2799344200E13D26 /* QRCodeScannerViewController.swift */ = {isa = PBXFileReference; lastKnownFileType = sourcecode.swift; path = QRCodeScannerViewController.swift; sourceTree = "<group>"; };
		4D116BF1276453590065C07D /* LeaveDetailsView.storyboard */ = {isa = PBXFileReference; lastKnownFileType = file.storyboard; path = LeaveDetailsView.storyboard; sourceTree = "<group>"; };
		4D116BF32764791A0065C07D /* LeaveDetailsControllerCell.swift */ = {isa = PBXFileReference; lastKnownFileType = sourcecode.swift; path = LeaveDetailsControllerCell.swift; sourceTree = "<group>"; };
		4D116BF42764791A0065C07D /* LeaveDetailsControllerCell.xib */ = {isa = PBXFileReference; lastKnownFileType = file.xib; path = LeaveDetailsControllerCell.xib; sourceTree = "<group>"; };
		4D116BF9276491070065C07D /* LeaveSummaryCollectionCell.swift */ = {isa = PBXFileReference; lastKnownFileType = sourcecode.swift; path = LeaveSummaryCollectionCell.swift; sourceTree = "<group>"; };
		4D116BFA276491070065C07D /* LeaveSummaryCollectionCell.xib */ = {isa = PBXFileReference; lastKnownFileType = file.xib; path = LeaveSummaryCollectionCell.xib; sourceTree = "<group>"; };
		4D27A67B276D8F7400F0E4BA /* LWPTitleView.xib */ = {isa = PBXFileReference; lastKnownFileType = file.xib; path = LWPTitleView.xib; sourceTree = "<group>"; };
		4D27A67D276D8F8300F0E4BA /* LWPTitleView.swift */ = {isa = PBXFileReference; lastKnownFileType = sourcecode.swift; path = LWPTitleView.swift; sourceTree = "<group>"; };
		4D27A67F276D970B00F0E4BA /* LWPViewControllerCell.swift */ = {isa = PBXFileReference; lastKnownFileType = sourcecode.swift; path = LWPViewControllerCell.swift; sourceTree = "<group>"; };
		4D27A680276D970B00F0E4BA /* LWPViewControllerCell.xib */ = {isa = PBXFileReference; lastKnownFileType = file.xib; path = LWPViewControllerCell.xib; sourceTree = "<group>"; };
		4D27A683276DB2EF00F0E4BA /* HPDTitleView.xib */ = {isa = PBXFileReference; lastKnownFileType = file.xib; path = HPDTitleView.xib; sourceTree = "<group>"; };
		4D27A685276DB30E00F0E4BA /* HPDTitleView.swift */ = {isa = PBXFileReference; lastKnownFileType = sourcecode.swift; path = HPDTitleView.swift; sourceTree = "<group>"; };
		4D27A687276DB4CE00F0E4BA /* HPDViewControllerCell.swift */ = {isa = PBXFileReference; lastKnownFileType = sourcecode.swift; path = HPDViewControllerCell.swift; sourceTree = "<group>"; };
		4D27A688276DB4CE00F0E4BA /* HPDViewControllerCell.xib */ = {isa = PBXFileReference; lastKnownFileType = file.xib; path = HPDViewControllerCell.xib; sourceTree = "<group>"; };
		4D27A68B276DD97900F0E4BA /* BWPDTitleView.xib */ = {isa = PBXFileReference; lastKnownFileType = file.xib; path = BWPDTitleView.xib; sourceTree = "<group>"; };
		4D27A68D276DD9D000F0E4BA /* BWPDTitleView.swift */ = {isa = PBXFileReference; lastKnownFileType = sourcecode.swift; path = BWPDTitleView.swift; sourceTree = "<group>"; };
		4D27A68F276DD9ED00F0E4BA /* BWPDTitleViewControllerCell.swift */ = {isa = PBXFileReference; lastKnownFileType = sourcecode.swift; path = BWPDTitleViewControllerCell.swift; sourceTree = "<group>"; };
		4D27A690276DD9ED00F0E4BA /* BWPDTitleViewControllerCell.xib */ = {isa = PBXFileReference; lastKnownFileType = file.xib; path = BWPDTitleViewControllerCell.xib; sourceTree = "<group>"; };
		4D466E3F275DD51C005F0E3C /* LeaveApply.storyboard */ = {isa = PBXFileReference; lastKnownFileType = file.storyboard; path = LeaveApply.storyboard; sourceTree = "<group>"; };
		4D466E43275DD57C005F0E3C /* Tax.storyboard */ = {isa = PBXFileReference; lastKnownFileType = file.storyboard; path = Tax.storyboard; sourceTree = "<group>"; };
		4D466E46275DDE45005F0E3C /* TaxDetailsViewController.swift */ = {isa = PBXFileReference; lastKnownFileType = sourcecode.swift; path = TaxDetailsViewController.swift; sourceTree = "<group>"; };
		4D466E48275DDE70005F0E3C /* LeaveDetailsViewController.swift */ = {isa = PBXFileReference; lastKnownFileType = sourcecode.swift; path = LeaveDetailsViewController.swift; sourceTree = "<group>"; };
		4D72D94327464EDF005708F6 /* montserrat_semi_bold.otf */ = {isa = PBXFileReference; lastKnownFileType = file; path = montserrat_semi_bold.otf; sourceTree = "<group>"; };
		4D72D94427464EDF005708F6 /* montserrat_bold.otf */ = {isa = PBXFileReference; lastKnownFileType = file; path = montserrat_bold.otf; sourceTree = "<group>"; };
		4D72D94527464EDF005708F6 /* montserrat_medium.otf */ = {isa = PBXFileReference; lastKnownFileType = file; path = montserrat_medium.otf; sourceTree = "<group>"; };
		4D72D94627464EDF005708F6 /* montserrat_regular.otf */ = {isa = PBXFileReference; lastKnownFileType = file; path = montserrat_regular.otf; sourceTree = "<group>"; };
		4D7665B9275F5A5900358097 /* DailyAttendanceTableViewCell.swift */ = {isa = PBXFileReference; lastKnownFileType = sourcecode.swift; path = DailyAttendanceTableViewCell.swift; sourceTree = "<group>"; };
		4D7665BA275F5A5900358097 /* DailyAttendanceTableViewCell.xib */ = {isa = PBXFileReference; lastKnownFileType = file.xib; path = DailyAttendanceTableViewCell.xib; sourceTree = "<group>"; };
		4D7FB4C62744D45100B318DA /* MascoAutomationApp.app */ = {isa = PBXFileReference; explicitFileType = wrapper.application; includeInIndex = 0; path = MascoAutomationApp.app; sourceTree = BUILT_PRODUCTS_DIR; };
		4D7FB4C92744D45100B318DA /* AppDelegate.swift */ = {isa = PBXFileReference; lastKnownFileType = sourcecode.swift; path = AppDelegate.swift; sourceTree = "<group>"; };
		4D7FB4CB2744D45100B318DA /* SceneDelegate.swift */ = {isa = PBXFileReference; lastKnownFileType = sourcecode.swift; path = SceneDelegate.swift; sourceTree = "<group>"; };
		4D7FB4CD2744D45100B318DA /* ViewController.swift */ = {isa = PBXFileReference; lastKnownFileType = sourcecode.swift; path = ViewController.swift; sourceTree = "<group>"; };
		4D7FB4D02744D45100B318DA /* Base */ = {isa = PBXFileReference; lastKnownFileType = file.storyboard; name = Base; path = Base.lproj/Main.storyboard; sourceTree = "<group>"; };
		4D7FB4D22744D45200B318DA /* Assets.xcassets */ = {isa = PBXFileReference; lastKnownFileType = folder.assetcatalog; path = Assets.xcassets; sourceTree = "<group>"; };
		4D7FB4D52744D45200B318DA /* Base */ = {isa = PBXFileReference; lastKnownFileType = file.storyboard; name = Base; path = Base.lproj/LaunchScreen.storyboard; sourceTree = "<group>"; };
		4D7FB4D72744D45200B318DA /* Info.plist */ = {isa = PBXFileReference; lastKnownFileType = text.plist.xml; path = Info.plist; sourceTree = "<group>"; };
		4D8C5B4A27994E3D00FB8D3F /* PopUpViewController.swift */ = {isa = PBXFileReference; lastKnownFileType = sourcecode.swift; path = PopUpViewController.swift; sourceTree = "<group>"; };
		4D98C34627AA797000A29539 /* AlertDialogViewController.swift */ = {isa = PBXFileReference; lastKnownFileType = sourcecode.swift; path = AlertDialogViewController.swift; sourceTree = "<group>"; };
		4D99D96B2765C8B3004E6259 /* TaxDetailsViewControllerCell.swift */ = {isa = PBXFileReference; lastKnownFileType = sourcecode.swift; path = TaxDetailsViewControllerCell.swift; sourceTree = "<group>"; };
		4D99D96C2765C8B3004E6259 /* TaxDetailsViewControllerCell.xib */ = {isa = PBXFileReference; lastKnownFileType = file.xib; path = TaxDetailsViewControllerCell.xib; sourceTree = "<group>"; };
		4D9A2B3127A4F4E700F86700 /* DDBodyView.swift */ = {isa = PBXFileReference; lastKnownFileType = sourcecode.swift; path = DDBodyView.swift; sourceTree = "<group>"; };
		4D9A2B3327A4F4F900F86700 /* DDBodyView.xib */ = {isa = PBXFileReference; lastKnownFileType = file.xib; path = DDBodyView.xib; sourceTree = "<group>"; };
		4D9A2B3527A500AE00F86700 /* TrackingListViewCell.swift */ = {isa = PBXFileReference; lastKnownFileType = sourcecode.swift; path = TrackingListViewCell.swift; sourceTree = "<group>"; };
		4D9A2B3627A500AE00F86700 /* TrackingListViewCell.xib */ = {isa = PBXFileReference; lastKnownFileType = file.xib; path = TrackingListViewCell.xib; sourceTree = "<group>"; };
		4D9A2B3927A5178200F86700 /* TrackingDetailsBodyView.xib */ = {isa = PBXFileReference; lastKnownFileType = file.xib; path = TrackingDetailsBodyView.xib; sourceTree = "<group>"; };
		4D9A2B3B27A5179200F86700 /* TrackingDetailsBodyView.swift */ = {isa = PBXFileReference; lastKnownFileType = sourcecode.swift; path = TrackingDetailsBodyView.swift; sourceTree = "<group>"; };
		4D9A2B3D27A526E200F86700 /* TrackingTableBodyView.xib */ = {isa = PBXFileReference; lastKnownFileType = file.xib; path = TrackingTableBodyView.xib; sourceTree = "<group>"; };
		4D9A2B3F27A526FB00F86700 /* TrackingTableBodyView.swift */ = {isa = PBXFileReference; lastKnownFileType = sourcecode.swift; path = TrackingTableBodyView.swift; sourceTree = "<group>"; };
		4D9A2B4127A54A3700F86700 /* TrackingDetailsTableViewCell.swift */ = {isa = PBXFileReference; lastKnownFileType = sourcecode.swift; path = TrackingDetailsTableViewCell.swift; sourceTree = "<group>"; };
		4D9A2B4227A54A3700F86700 /* TrackingDetailsTableViewCell.xib */ = {isa = PBXFileReference; lastKnownFileType = file.xib; path = TrackingDetailsTableViewCell.xib; sourceTree = "<group>"; };
		4D9E269027858F4B00EA93C2 /* ApprovalBgView.xib */ = {isa = PBXFileReference; lastKnownFileType = file.xib; path = ApprovalBgView.xib; sourceTree = "<group>"; };
		4D9E269227858F7000EA93C2 /* ApprovalBgView.swift */ = {isa = PBXFileReference; lastKnownFileType = sourcecode.swift; path = ApprovalBgView.swift; sourceTree = "<group>"; };
		4D9E269427859B6900EA93C2 /* HeaderBarTableView.xib */ = {isa = PBXFileReference; lastKnownFileType = file.xib; path = HeaderBarTableView.xib; sourceTree = "<group>"; };
		4D9E269627859B7700EA93C2 /* HeaderBarTableView.swift */ = {isa = PBXFileReference; lastKnownFileType = sourcecode.swift; path = HeaderBarTableView.swift; sourceTree = "<group>"; };
		4D9E269827859BFD00EA93C2 /* LeaveApprovalItemViewCell.swift */ = {isa = PBXFileReference; lastKnownFileType = sourcecode.swift; path = LeaveApprovalItemViewCell.swift; sourceTree = "<group>"; };
		4D9E269927859BFD00EA93C2 /* LeaveApprovalItemViewCell.xib */ = {isa = PBXFileReference; lastKnownFileType = file.xib; path = LeaveApprovalItemViewCell.xib; sourceTree = "<group>"; };
		4DA4052327A2B82400E0B7F4 /* DD.storyboard */ = {isa = PBXFileReference; lastKnownFileType = file.storyboard; path = DD.storyboard; sourceTree = "<group>"; };
		4DA4052827A2B89300E0B7F4 /* DDViewController.swift */ = {isa = PBXFileReference; lastKnownFileType = sourcecode.swift; path = DDViewController.swift; sourceTree = "<group>"; };
		4DA4052A27A2B8A800E0B7F4 /* TrackingListDetailsViewController.swift */ = {isa = PBXFileReference; lastKnownFileType = sourcecode.swift; path = TrackingListDetailsViewController.swift; sourceTree = "<group>"; };
		4DA4052C27A2B8B900E0B7F4 /* TrackingListViewController.swift */ = {isa = PBXFileReference; lastKnownFileType = sourcecode.swift; path = TrackingListViewController.swift; sourceTree = "<group>"; };
		4DA65127274CA30F00488332 /* HomeScreenBody.xib */ = {isa = PBXFileReference; lastKnownFileType = file.xib; path = HomeScreenBody.xib; sourceTree = "<group>"; };
		4DA6512C274CA55A00488332 /* XibView.swift */ = {isa = PBXFileReference; lastKnownFileType = sourcecode.swift; path = XibView.swift; sourceTree = "<group>"; };
		4DA6512E274CC85E00488332 /* HomeScreenBody.swift */ = {isa = PBXFileReference; lastKnownFileType = sourcecode.swift; path = HomeScreenBody.swift; sourceTree = "<group>"; };
		4DAA63382768647E0073DBB0 /* GPMSViewController.swift */ = {isa = PBXFileReference; lastKnownFileType = sourcecode.swift; path = GPMSViewController.swift; sourceTree = "<group>"; };
		4DAA633E2768660B0073DBB0 /* HPDsViewController.swift */ = {isa = PBXFileReference; lastKnownFileType = sourcecode.swift; path = HPDsViewController.swift; sourceTree = "<group>"; };
		4DAA63402768661D0073DBB0 /* BWPDViewController.swift */ = {isa = PBXFileReference; lastKnownFileType = sourcecode.swift; path = BWPDViewController.swift; sourceTree = "<group>"; };
		4DAA63422768662B0073DBB0 /* HPDViewController.swift */ = {isa = PBXFileReference; lastKnownFileType = sourcecode.swift; path = HPDViewController.swift; sourceTree = "<group>"; };
		4DAA6344276866420073DBB0 /* LWPViewController.swift */ = {isa = PBXFileReference; lastKnownFileType = sourcecode.swift; path = LWPViewController.swift; sourceTree = "<group>"; };
		4DAA634A276877F20073DBB0 /* GPMSBodyView.xib */ = {isa = PBXFileReference; lastKnownFileType = file.xib; path = GPMSBodyView.xib; sourceTree = "<group>"; };
		4DAA634C276878100073DBB0 /* GPMSBodyView.swift */ = {isa = PBXFileReference; lastKnownFileType = sourcecode.swift; path = GPMSBodyView.swift; sourceTree = "<group>"; };
		4DB0E0DC2766FB0800B188E6 /* LeaveApplyViewController.swift */ = {isa = PBXFileReference; lastKnownFileType = sourcecode.swift; path = LeaveApplyViewController.swift; sourceTree = "<group>"; };
		4DB0E0DE2766FFD900B188E6 /* ApplyFormView.swift */ = {isa = PBXFileReference; lastKnownFileType = sourcecode.swift; path = ApplyFormView.swift; sourceTree = "<group>"; };
		4DB0E0E02766FFE700B188E6 /* ApplyFormView.xib */ = {isa = PBXFileReference; lastKnownFileType = file.xib; path = ApplyFormView.xib; sourceTree = "<group>"; };
		4DB0E0E327674A8200B188E6 /* PMS.storyboard */ = {isa = PBXFileReference; lastKnownFileType = file.storyboard; path = PMS.storyboard; sourceTree = "<group>"; };
		4DB0E0E527674ABC00B188E6 /* PMSViewController.swift */ = {isa = PBXFileReference; lastKnownFileType = sourcecode.swift; path = PMSViewController.swift; sourceTree = "<group>"; };
		4DB0E0E727675AAE00B188E6 /* PMSBodyView.xib */ = {isa = PBXFileReference; lastKnownFileType = file.xib; path = PMSBodyView.xib; sourceTree = "<group>"; };
		4DB0E0E927675AC500B188E6 /* PMSBodyView.swift */ = {isa = PBXFileReference; lastKnownFileType = sourcecode.swift; path = PMSBodyView.swift; sourceTree = "<group>"; };
		4DBB3B63274B91C90009339B /* HomeViewController.swift */ = {isa = PBXFileReference; lastKnownFileType = sourcecode.swift; path = HomeViewController.swift; sourceTree = "<group>"; };
		4DBDEAE62760A65A002AD6FF /* LeaveStatusCollectionViewCell.swift */ = {isa = PBXFileReference; lastKnownFileType = sourcecode.swift; path = LeaveStatusCollectionViewCell.swift; sourceTree = "<group>"; };
		4DC2D49327548861000EDCD8 /* InternetConnectionManager.swift */ = {isa = PBXFileReference; lastKnownFileType = sourcecode.swift; path = InternetConnectionManager.swift; sourceTree = "<group>"; };
		4DC3F4B8276EE2AF005F2958 /* HPDsTotalView.xib */ = {isa = PBXFileReference; lastKnownFileType = file.xib; path = HPDsTotalView.xib; sourceTree = "<group>"; };
		4DC3F4BA276EE2D1005F2958 /* HPDsTotalView.swift */ = {isa = PBXFileReference; lastKnownFileType = sourcecode.swift; path = HPDsTotalView.swift; sourceTree = "<group>"; };
		4DC3F4BC276EF262005F2958 /* HPDsViewControllerCell.swift */ = {isa = PBXFileReference; lastKnownFileType = sourcecode.swift; path = HPDsViewControllerCell.swift; sourceTree = "<group>"; };
		4DC3F4BD276EF262005F2958 /* HPDsViewControllerCell.xib */ = {isa = PBXFileReference; lastKnownFileType = file.xib; path = HPDsViewControllerCell.xib; sourceTree = "<group>"; };
		4DC3F4C2276F1886005F2958 /* ATMViewController.swift */ = {isa = PBXFileReference; lastKnownFileType = sourcecode.swift; path = ATMViewController.swift; sourceTree = "<group>"; };
		4DC3F4C4276F1898005F2958 /* SEMViewController.swift */ = {isa = PBXFileReference; lastKnownFileType = sourcecode.swift; path = SEMViewController.swift; sourceTree = "<group>"; };
		4DC3F4C6276F18D4005F2958 /* SEM.storyboard */ = {isa = PBXFileReference; lastKnownFileType = file.storyboard; path = SEM.storyboard; sourceTree = "<group>"; };
		4DC3F4C8276F2077005F2958 /* ATM.storyboard */ = {isa = PBXFileReference; lastKnownFileType = file.storyboard; path = ATM.storyboard; sourceTree = "<group>"; };
		4DC3F4CA276F2C6D005F2958 /* ATMBodyView.xib */ = {isa = PBXFileReference; lastKnownFileType = file.xib; path = ATMBodyView.xib; sourceTree = "<group>"; };
		4DC3F4CC276F2C83005F2958 /* ATMBodyView.swift */ = {isa = PBXFileReference; lastKnownFileType = sourcecode.swift; path = ATMBodyView.swift; sourceTree = "<group>"; };
		4DC3F4CE276F2C9D005F2958 /* SEMBodyView.swift */ = {isa = PBXFileReference; lastKnownFileType = sourcecode.swift; path = SEMBodyView.swift; sourceTree = "<group>"; };
		4DC3F4D0276F2CAC005F2958 /* SEMBodyView.xib */ = {isa = PBXFileReference; lastKnownFileType = file.xib; path = SEMBodyView.xib; sourceTree = "<group>"; };
		4DC4DF142748B48F00EF43ED /* OTPViewController.swift */ = {isa = PBXFileReference; lastKnownFileType = sourcecode.swift; path = OTPViewController.swift; sourceTree = "<group>"; };
		4DC4DF162748FD7200EF43ED /* SignupViewController.swift */ = {isa = PBXFileReference; lastKnownFileType = sourcecode.swift; path = SignupViewController.swift; sourceTree = "<group>"; };
		4DC7D87E2796AD8800D7762F /* Constant.swift */ = {isa = PBXFileReference; lastKnownFileType = sourcecode.swift; path = Constant.swift; sourceTree = "<group>"; };
		4DC804322751F3800006A3E1 /* DailyAttendanceView.xib */ = {isa = PBXFileReference; lastKnownFileType = file.xib; path = DailyAttendanceView.xib; sourceTree = "<group>"; };
		4DC804342751F3960006A3E1 /* DailyAttendanceView.swift */ = {isa = PBXFileReference; lastKnownFileType = sourcecode.swift; path = DailyAttendanceView.swift; sourceTree = "<group>"; };
		4DC804362752000D0006A3E1 /* DailyAttendanceViewController.swift */ = {isa = PBXFileReference; lastKnownFileType = sourcecode.swift; path = DailyAttendanceViewController.swift; sourceTree = "<group>"; };
		4DC80439275201930006A3E1 /* CommonHeaderView.swift */ = {isa = PBXFileReference; lastKnownFileType = sourcecode.swift; path = CommonHeaderView.swift; sourceTree = "<group>"; };
		4DC8043B275201BB0006A3E1 /* CommonHeaderView.xib */ = {isa = PBXFileReference; lastKnownFileType = file.xib; path = CommonHeaderView.xib; sourceTree = "<group>"; };
		4DC8043D27520BA80006A3E1 /* LeaveViewController.swift */ = {isa = PBXFileReference; lastKnownFileType = sourcecode.swift; path = LeaveViewController.swift; sourceTree = "<group>"; };
		4DC8043F27520D8B0006A3E1 /* LeaveView.xib */ = {isa = PBXFileReference; lastKnownFileType = file.xib; path = LeaveView.xib; sourceTree = "<group>"; };
		4DC8044127520DA70006A3E1 /* LeaveView.swift */ = {isa = PBXFileReference; lastKnownFileType = sourcecode.swift; path = LeaveView.swift; sourceTree = "<group>"; };
		4DC80443275226550006A3E1 /* IncomeTaxViewController.swift */ = {isa = PBXFileReference; lastKnownFileType = sourcecode.swift; path = IncomeTaxViewController.swift; sourceTree = "<group>"; };
		4DC804452752266A0006A3E1 /* IncomeTaxView.swift */ = {isa = PBXFileReference; lastKnownFileType = sourcecode.swift; path = IncomeTaxView.swift; sourceTree = "<group>"; };
		4DC80447275226760006A3E1 /* IncomeTaxView.xib */ = {isa = PBXFileReference; lastKnownFileType = file.xib; path = IncomeTaxView.xib; sourceTree = "<group>"; };
		4DC8044927523DFA0006A3E1 /* NSObject+Extension.swift */ = {isa = PBXFileReference; lastKnownFileType = sourcecode.swift; path = "NSObject+Extension.swift"; sourceTree = "<group>"; };
		4DCDC12027703DD800D3896E /* CommunicationPortalViewController.swift */ = {isa = PBXFileReference; lastKnownFileType = sourcecode.swift; path = CommunicationPortalViewController.swift; sourceTree = "<group>"; };
		4DCDC123277067E700D3896E /* HRISViewController.swift */ = {isa = PBXFileReference; lastKnownFileType = sourcecode.swift; path = HRISViewController.swift; sourceTree = "<group>"; };
		4DCDC125277067F900D3896E /* HRIS.storyboard */ = {isa = PBXFileReference; lastKnownFileType = file.storyboard; path = HRIS.storyboard; sourceTree = "<group>"; };
		4DCDC1272770696E00D3896E /* HRISBodyView.xib */ = {isa = PBXFileReference; lastKnownFileType = file.xib; path = HRISBodyView.xib; sourceTree = "<group>"; };
		4DCDC129277069BE00D3896E /* HRISBodyView.swift */ = {isa = PBXFileReference; lastKnownFileType = sourcecode.swift; path = HRISBodyView.swift; sourceTree = "<group>"; };
		4DCDC12B27708BF200D3896E /* LeaveApprovalViewController.swift */ = {isa = PBXFileReference; lastKnownFileType = sourcecode.swift; path = LeaveApprovalViewController.swift; sourceTree = "<group>"; };
		4DCDC12D2770932A00D3896E /* LeaveApprovalBodyView.xib */ = {isa = PBXFileReference; lastKnownFileType = file.xib; path = LeaveApprovalBodyView.xib; sourceTree = "<group>"; };
		4DCDC12F2770933B00D3896E /* LeaveApprovalBodyView.swift */ = {isa = PBXFileReference; lastKnownFileType = sourcecode.swift; path = LeaveApprovalBodyView.swift; sourceTree = "<group>"; };
		4DCDC1322770A14D00D3896E /* LeaveApprovalDetailViewController.swift */ = {isa = PBXFileReference; lastKnownFileType = sourcecode.swift; path = LeaveApprovalDetailViewController.swift; sourceTree = "<group>"; };
		4DD0DD5D275C6DE5005EE588 /* Utils.swift */ = {isa = PBXFileReference; lastKnownFileType = sourcecode.swift; path = Utils.swift; sourceTree = "<group>"; };
		4DD0DD69275C8126005EE588 /* API.swift */ = {isa = PBXFileReference; lastKnownFileType = sourcecode.swift; path = API.swift; sourceTree = "<group>"; };
		4DD0DD6C275CB7A4005EE588 /* DailyAttendance.storyboard */ = {isa = PBXFileReference; lastKnownFileType = file.storyboard; path = DailyAttendance.storyboard; sourceTree = "<group>"; };
		4DD0DD6E275CB7C7005EE588 /* DailyAttendanceViewControllerDetails.swift */ = {isa = PBXFileReference; lastKnownFileType = sourcecode.swift; path = DailyAttendanceViewControllerDetails.swift; sourceTree = "<group>"; };
		4DD0DD70275CD5A7005EE588 /* DailyAttendanceBodyView.xib */ = {isa = PBXFileReference; lastKnownFileType = file.xib; path = DailyAttendanceBodyView.xib; sourceTree = "<group>"; };
		4DD0DD72275CD880005EE588 /* DailyAttendanceBodyView.swift */ = {isa = PBXFileReference; lastKnownFileType = sourcecode.swift; path = DailyAttendanceBodyView.swift; sourceTree = "<group>"; };
		4DD772BC274DF2EA003261F6 /* HomeHeader.swift */ = {isa = PBXFileReference; lastKnownFileType = sourcecode.swift; path = HomeHeader.swift; sourceTree = "<group>"; };
		4DD772BE274DF30D003261F6 /* HomeHeader.xib */ = {isa = PBXFileReference; lastKnownFileType = file.xib; path = HomeHeader.xib; sourceTree = "<group>"; };
		4DD772C0274DF8EA003261F6 /* HeaderFooter.swift */ = {isa = PBXFileReference; lastKnownFileType = sourcecode.swift; path = HeaderFooter.swift; sourceTree = "<group>"; };
		4DD772C2274DF8FD003261F6 /* HeaderFooter.xib */ = {isa = PBXFileReference; lastKnownFileType = file.xib; path = HeaderFooter.xib; sourceTree = "<group>"; };
		4DD772C6274E4AAC003261F6 /* SideMenuViewController.swift */ = {isa = PBXFileReference; lastKnownFileType = sourcecode.swift; path = SideMenuViewController.swift; sourceTree = "<group>"; };
		4DE3854A274F533200707916 /* HRViewController.swift */ = {isa = PBXFileReference; lastKnownFileType = sourcecode.swift; path = HRViewController.swift; sourceTree = "<group>"; };
		4DE3854C274F537300707916 /* HrBodyView.swift */ = {isa = PBXFileReference; lastKnownFileType = sourcecode.swift; path = HrBodyView.swift; sourceTree = "<group>"; };
		4DE3854E274F538700707916 /* HrBodyView.xib */ = {isa = PBXFileReference; lastKnownFileType = file.xib; path = HrBodyView.xib; sourceTree = "<group>"; };
		4DE38550274F7B7800707916 /* InnerHeader.xib */ = {isa = PBXFileReference; lastKnownFileType = file.xib; path = InnerHeader.xib; sourceTree = "<group>"; };
		4DE38552274F7B8D00707916 /* InnerHeader.swift */ = {isa = PBXFileReference; lastKnownFileType = sourcecode.swift; path = InnerHeader.swift; sourceTree = "<group>"; };
		4DE38554274F866C00707916 /* CommonFooter.swift */ = {isa = PBXFileReference; lastKnownFileType = sourcecode.swift; path = CommonFooter.swift; sourceTree = "<group>"; };
		4DE38556274F868100707916 /* CommonFooter.xib */ = {isa = PBXFileReference; lastKnownFileType = file.xib; path = CommonFooter.xib; sourceTree = "<group>"; };
		4DECB9DC278D7314000AC92F /* TotalAmountShowView.xib */ = {isa = PBXFileReference; lastKnownFileType = file.xib; path = TotalAmountShowView.xib; sourceTree = "<group>"; };
		4DECB9DE278D732A000AC92F /* TotalAmountShowView.swift */ = {isa = PBXFileReference; lastKnownFileType = sourcecode.swift; path = TotalAmountShowView.swift; sourceTree = "<group>"; };
		4DECB9E0278D780E000AC92F /* TotalAmountHPDsView.xib */ = {isa = PBXFileReference; lastKnownFileType = file.xib; path = TotalAmountHPDsView.xib; sourceTree = "<group>"; };
		4DECB9E2278D7CB4000AC92F /* TotalAmountHPDsView.swift */ = {isa = PBXFileReference; lastKnownFileType = sourcecode.swift; path = TotalAmountHPDsView.swift; sourceTree = "<group>"; };
		DBEA5008F8D6BBF25B210534 /* Pods-MascoAutomationApp.release.xcconfig */ = {isa = PBXFileReference; includeInIndex = 1; lastKnownFileType = text.xcconfig; name = "Pods-MascoAutomationApp.release.xcconfig"; path = "Target Support Files/Pods-MascoAutomationApp/Pods-MascoAutomationApp.release.xcconfig"; sourceTree = "<group>"; };
		DC5E682C5B175BD4034E52A2 /* Pods-MascoAutomationApp.debug.xcconfig */ = {isa = PBXFileReference; includeInIndex = 1; lastKnownFileType = text.xcconfig; name = "Pods-MascoAutomationApp.debug.xcconfig"; path = "Target Support Files/Pods-MascoAutomationApp/Pods-MascoAutomationApp.debug.xcconfig"; sourceTree = "<group>"; };
/* End PBXFileReference section */

/* Begin PBXFrameworksBuildPhase section */
		4D7FB4C32744D45100B318DA /* Frameworks */ = {
			isa = PBXFrameworksBuildPhase;
			buildActionMask = 2147483647;
			files = (
				DAFE924ADBB6907686B3149C /* Pods_MascoAutomationApp.framework in Frameworks */,
			);
			runOnlyForDeploymentPostprocessing = 0;
		};
/* End PBXFrameworksBuildPhase section */

/* Begin PBXGroup section */
		4725752DD646C74C3034A95E /* Frameworks */ = {
			isa = PBXGroup;
			children = (
				16B1BCE2C9DB8E528327C359 /* Pods_MascoAutomationApp.framework */,
			);
			name = Frameworks;
			sourceTree = "<group>";
		};
		4D466E3D275DD43D005F0E3C /* LeaveDetails */ = {
			isa = PBXGroup;
			children = (
				4D466E48275DDE70005F0E3C /* LeaveDetailsViewController.swift */,
				4D116BF1276453590065C07D /* LeaveDetailsView.storyboard */,
				4D116BF32764791A0065C07D /* LeaveDetailsControllerCell.swift */,
				4D116BF42764791A0065C07D /* LeaveDetailsControllerCell.xib */,
				4D116BF9276491070065C07D /* LeaveSummaryCollectionCell.swift */,
				4D116BFA276491070065C07D /* LeaveSummaryCollectionCell.xib */,
			);
			path = LeaveDetails;
			sourceTree = "<group>";
		};
		4D466E3E275DD479005F0E3C /* LeaveApply */ = {
			isa = PBXGroup;
			children = (
				4D466E3F275DD51C005F0E3C /* LeaveApply.storyboard */,
				4DB0E0DC2766FB0800B188E6 /* LeaveApplyViewController.swift */,
				4DB0E0DE2766FFD900B188E6 /* ApplyFormView.swift */,
				4DB0E0E02766FFE700B188E6 /* ApplyFormView.xib */,
			);
			path = LeaveApply;
			sourceTree = "<group>";
		};
		4D466E45275DD58B005F0E3C /* TaxDetails */ = {
			isa = PBXGroup;
			children = (
				4D466E43275DD57C005F0E3C /* Tax.storyboard */,
				4D466E46275DDE45005F0E3C /* TaxDetailsViewController.swift */,
				4D99D96B2765C8B3004E6259 /* TaxDetailsViewControllerCell.swift */,
				4D99D96C2765C8B3004E6259 /* TaxDetailsViewControllerCell.xib */,
			);
			path = TaxDetails;
			sourceTree = "<group>";
		};
		4D72D94227464E57005708F6 /* font */ = {
			isa = PBXGroup;
			children = (
				4D72D94427464EDF005708F6 /* montserrat_bold.otf */,
				4D72D94527464EDF005708F6 /* montserrat_medium.otf */,
				4D72D94627464EDF005708F6 /* montserrat_regular.otf */,
				4D72D94327464EDF005708F6 /* montserrat_semi_bold.otf */,
			);
			path = font;
			sourceTree = "<group>";
		};
		4D72D948274671CD005708F6 /* signup */ = {
			isa = PBXGroup;
			children = (
				4DC4DF142748B48F00EF43ED /* OTPViewController.swift */,
				4DC4DF162748FD7200EF43ED /* SignupViewController.swift */,
			);
			path = signup;
			sourceTree = "<group>";
		};
		4D72D949274671DC005708F6 /* home */ = {
			isa = PBXGroup;
			children = (
				4DBB3B63274B91C90009339B /* HomeViewController.swift */,
				4DA65127274CA30F00488332 /* HomeScreenBody.xib */,
				4DA6512E274CC85E00488332 /* HomeScreenBody.swift */,
				4DD772BC274DF2EA003261F6 /* HomeHeader.swift */,
				4DD772BE274DF30D003261F6 /* HomeHeader.xib */,
				4DD772C0274DF8EA003261F6 /* HeaderFooter.swift */,
				4DD772C2274DF8FD003261F6 /* HeaderFooter.xib */,
				4DD772C6274E4AAC003261F6 /* SideMenuViewController.swift */,
			);
			path = home;
			sourceTree = "<group>";
		};
		4D7FB4BD2744D45100B318DA = {
			isa = PBXGroup;
			children = (
				4D7FB4C82744D45100B318DA /* MascoAutomationApp */,
				4D7FB4C72744D45100B318DA /* Products */,
				DB3CA16C918318186B553370 /* Pods */,
				4725752DD646C74C3034A95E /* Frameworks */,
			);
			sourceTree = "<group>";
		};
		4D7FB4C72744D45100B318DA /* Products */ = {
			isa = PBXGroup;
			children = (
				4D7FB4C62744D45100B318DA /* MascoAutomationApp.app */,
			);
			name = Products;
			sourceTree = "<group>";
		};
		4D7FB4C82744D45100B318DA /* MascoAutomationApp */ = {
			isa = PBXGroup;
			children = (
				4DA4052227A2B7FB00E0B7F4 /* DD */,
				4DCDC1222770678B00D3896E /* HRIS */,
				4DC3F4C1276F181E005F2958 /* ATM */,
				4DC3F4C0276F17ED005F2958 /* SEM */,
				4DB0E0E2276749F900B188E6 /* PMS */,
				4DC804382752015D0006A3E1 /* Util */,
				4DE38549274F528F00707916 /* HR */,
				4DA6512B274CA52C00488332 /* Extension */,
				4D72D949274671DC005708F6 /* home */,
				4D72D948274671CD005708F6 /* signup */,
				4D72D94227464E57005708F6 /* font */,
				4D7FB4C92744D45100B318DA /* AppDelegate.swift */,
				4D7FB4CB2744D45100B318DA /* SceneDelegate.swift */,
				4D7FB4CD2744D45100B318DA /* ViewController.swift */,
				4D7FB4CF2744D45100B318DA /* Main.storyboard */,
				4D7FB4D22744D45200B318DA /* Assets.xcassets */,
				4D7FB4D42744D45200B318DA /* LaunchScreen.storyboard */,
				4D7FB4D72744D45200B318DA /* Info.plist */,
			);
			path = MascoAutomationApp;
			sourceTree = "<group>";
		};
		4DA4052227A2B7FB00E0B7F4 /* DD */ = {
			isa = PBXGroup;
			children = (
				4DA4052727A2B87200E0B7F4 /* TrackingListDetails */,
				4DA4052527A2B84800E0B7F4 /* TrackingList */,
				4DA4052327A2B82400E0B7F4 /* DD.storyboard */,
				4DA4052827A2B89300E0B7F4 /* DDViewController.swift */,
				4D9A2B3127A4F4E700F86700 /* DDBodyView.swift */,
				4D9A2B3327A4F4F900F86700 /* DDBodyView.xib */,
			);
			path = DD;
			sourceTree = "<group>";
		};
		4DA4052527A2B84800E0B7F4 /* TrackingList */ = {
			isa = PBXGroup;
			children = (
				4DA4052C27A2B8B900E0B7F4 /* TrackingListViewController.swift */,
				4D9A2B3527A500AE00F86700 /* TrackingListViewCell.swift */,
				4D9A2B3627A500AE00F86700 /* TrackingListViewCell.xib */,
			);
			path = TrackingList;
			sourceTree = "<group>";
		};
		4DA4052727A2B87200E0B7F4 /* TrackingListDetails */ = {
			isa = PBXGroup;
			children = (
				4DA4052A27A2B8A800E0B7F4 /* TrackingListDetailsViewController.swift */,
				4D9A2B3927A5178200F86700 /* TrackingDetailsBodyView.xib */,
				4D9A2B3B27A5179200F86700 /* TrackingDetailsBodyView.swift */,
				4D9A2B3D27A526E200F86700 /* TrackingTableBodyView.xib */,
				4D9A2B3F27A526FB00F86700 /* TrackingTableBodyView.swift */,
				4D9A2B4127A54A3700F86700 /* TrackingDetailsTableViewCell.swift */,
				4D9A2B4227A54A3700F86700 /* TrackingDetailsTableViewCell.xib */,
			);
			path = TrackingListDetails;
			sourceTree = "<group>";
		};
		4DA6512B274CA52C00488332 /* Extension */ = {
			isa = PBXGroup;
			children = (
				4DA6512C274CA55A00488332 /* XibView.swift */,
				4DC8044927523DFA0006A3E1 /* NSObject+Extension.swift */,
			);
			path = Extension;
			sourceTree = "<group>";
		};
		4DAA6337276864280073DBB0 /* GPMS */ = {
			isa = PBXGroup;
			children = (
				4DAA63382768647E0073DBB0 /* GPMSViewController.swift */,
				4DAA634A276877F20073DBB0 /* GPMSBodyView.xib */,
				4DAA634C276878100073DBB0 /* GPMSBodyView.swift */,
			);
			path = GPMS;
			sourceTree = "<group>";
		};
		4DAA633A2768649C0073DBB0 /* LWP */ = {
			isa = PBXGroup;
			children = (
				4DAA6344276866420073DBB0 /* LWPViewController.swift */,
				4D27A67B276D8F7400F0E4BA /* LWPTitleView.xib */,
				4D27A67D276D8F8300F0E4BA /* LWPTitleView.swift */,
				4D27A67F276D970B00F0E4BA /* LWPViewControllerCell.swift */,
				4D27A680276D970B00F0E4BA /* LWPViewControllerCell.xib */,
			);
			path = LWP;
			sourceTree = "<group>";
		};
		4DAA633B276864AC0073DBB0 /* HPD */ = {
			isa = PBXGroup;
			children = (
				4DAA63422768662B0073DBB0 /* HPDViewController.swift */,
				4D27A683276DB2EF00F0E4BA /* HPDTitleView.xib */,
				4D27A685276DB30E00F0E4BA /* HPDTitleView.swift */,
				4D27A687276DB4CE00F0E4BA /* HPDViewControllerCell.swift */,
				4D27A688276DB4CE00F0E4BA /* HPDViewControllerCell.xib */,
			);
			path = HPD;
			sourceTree = "<group>";
		};
		4DAA633C276864B80073DBB0 /* BWPD */ = {
			isa = PBXGroup;
			children = (
				4DAA63402768661D0073DBB0 /* BWPDViewController.swift */,
				4D27A68B276DD97900F0E4BA /* BWPDTitleView.xib */,
				4D27A68D276DD9D000F0E4BA /* BWPDTitleView.swift */,
				4D27A68F276DD9ED00F0E4BA /* BWPDTitleViewControllerCell.swift */,
				4D27A690276DD9ED00F0E4BA /* BWPDTitleViewControllerCell.xib */,
				4DECB9DC278D7314000AC92F /* TotalAmountShowView.xib */,
				4DECB9DE278D732A000AC92F /* TotalAmountShowView.swift */,
			);
			path = BWPD;
			sourceTree = "<group>";
		};
		4DAA633D276864D90073DBB0 /* HPDs */ = {
			isa = PBXGroup;
			children = (
				4DAA633E2768660B0073DBB0 /* HPDsViewController.swift */,
				4DC3F4B8276EE2AF005F2958 /* HPDsTotalView.xib */,
				4DC3F4BA276EE2D1005F2958 /* HPDsTotalView.swift */,
				4DC3F4BC276EF262005F2958 /* HPDsViewControllerCell.swift */,
				4DC3F4BD276EF262005F2958 /* HPDsViewControllerCell.xib */,
				4DECB9E0278D780E000AC92F /* TotalAmountHPDsView.xib */,
				4DECB9E2278D7CB4000AC92F /* TotalAmountHPDsView.swift */,
			);
			path = HPDs;
			sourceTree = "<group>";
		};
		4DB0E0E2276749F900B188E6 /* PMS */ = {
			isa = PBXGroup;
			children = (
				4DAA633D276864D90073DBB0 /* HPDs */,
				4DAA633C276864B80073DBB0 /* BWPD */,
				4DAA633B276864AC0073DBB0 /* HPD */,
				4DAA633A2768649C0073DBB0 /* LWP */,
				4DAA6337276864280073DBB0 /* GPMS */,
				4DB0E0E327674A8200B188E6 /* PMS.storyboard */,
				4DB0E0E527674ABC00B188E6 /* PMSViewController.swift */,
				4DB0E0E727675AAE00B188E6 /* PMSBodyView.xib */,
				4DB0E0E927675AC500B188E6 /* PMSBodyView.swift */,
			);
			path = PMS;
			sourceTree = "<group>";
		};
		4DC3F4C0276F17ED005F2958 /* SEM */ = {
			isa = PBXGroup;
			children = (
				4DCDC11F27703D8E00D3896E /* CP */,
				4DC3F4C4276F1898005F2958 /* SEMViewController.swift */,
				4DC3F4C6276F18D4005F2958 /* SEM.storyboard */,
				4DC3F4CE276F2C9D005F2958 /* SEMBodyView.swift */,
				4DC3F4D0276F2CAC005F2958 /* SEMBodyView.xib */,
			);
			path = SEM;
			sourceTree = "<group>";
		};
		4DC3F4C1276F181E005F2958 /* ATM */ = {
			isa = PBXGroup;
			children = (
				4DC3F4C2276F1886005F2958 /* ATMViewController.swift */,
				4DC3F4C8276F2077005F2958 /* ATM.storyboard */,
				4DC3F4CA276F2C6D005F2958 /* ATMBodyView.xib */,
				4DC3F4CC276F2C83005F2958 /* ATMBodyView.swift */,
				4D00610A2799344200E13D26 /* QRCodeScannerViewController.swift */,
				4D8C5B4A27994E3D00FB8D3F /* PopUpViewController.swift */,
			);
			path = ATM;
			sourceTree = "<group>";
		};
		4DC8042F2751EFA30006A3E1 /* Attendance */ = {
			isa = PBXGroup;
			children = (
				4DD0DD6B275CB37B005EE588 /* DailyAttendance */,
				4DC804322751F3800006A3E1 /* DailyAttendanceView.xib */,
				4DC804342751F3960006A3E1 /* DailyAttendanceView.swift */,
				4DC804362752000D0006A3E1 /* DailyAttendanceViewController.swift */,
			);
			path = Attendance;
			sourceTree = "<group>";
		};
		4DC804302751EFCD0006A3E1 /* Leave */ = {
			isa = PBXGroup;
			children = (
				4D466E3E275DD479005F0E3C /* LeaveApply */,
				4D466E3D275DD43D005F0E3C /* LeaveDetails */,
				4DC8043D27520BA80006A3E1 /* LeaveViewController.swift */,
				4DC8043F27520D8B0006A3E1 /* LeaveView.xib */,
				4DC8044127520DA70006A3E1 /* LeaveView.swift */,
			);
			path = Leave;
			sourceTree = "<group>";
		};
		4DC804312751F03B0006A3E1 /* Tax */ = {
			isa = PBXGroup;
			children = (
				4D466E45275DD58B005F0E3C /* TaxDetails */,
				4DC80443275226550006A3E1 /* IncomeTaxViewController.swift */,
				4DC804452752266A0006A3E1 /* IncomeTaxView.swift */,
				4DC80447275226760006A3E1 /* IncomeTaxView.xib */,
			);
			path = Tax;
			sourceTree = "<group>";
		};
		4DC804382752015D0006A3E1 /* Util */ = {
			isa = PBXGroup;
			children = (
				4DC80439275201930006A3E1 /* CommonHeaderView.swift */,
				4DC8043B275201BB0006A3E1 /* CommonHeaderView.xib */,
				4DC2D49327548861000EDCD8 /* InternetConnectionManager.swift */,
				4DD0DD5D275C6DE5005EE588 /* Utils.swift */,
				4DD0DD69275C8126005EE588 /* API.swift */,
				4DC7D87E2796AD8800D7762F /* Constant.swift */,
			);
			path = Util;
			sourceTree = "<group>";
		};
		4DCDC11F27703D8E00D3896E /* CP */ = {
			isa = PBXGroup;
			children = (
				4DCDC12027703DD800D3896E /* CommunicationPortalViewController.swift */,
			);
			path = CP;
			sourceTree = "<group>";
		};
		4DCDC1222770678B00D3896E /* HRIS */ = {
			isa = PBXGroup;
			children = (
				4DCDC1312770A0AB00D3896E /* LeaveApproval */,
				4DCDC123277067E700D3896E /* HRISViewController.swift */,
				4DCDC125277067F900D3896E /* HRIS.storyboard */,
				4DCDC1272770696E00D3896E /* HRISBodyView.xib */,
				4DCDC129277069BE00D3896E /* HRISBodyView.swift */,
				4DCDC12B27708BF200D3896E /* LeaveApprovalViewController.swift */,
				4DCDC12D2770932A00D3896E /* LeaveApprovalBodyView.xib */,
				4DCDC12F2770933B00D3896E /* LeaveApprovalBodyView.swift */,
			);
			path = HRIS;
			sourceTree = "<group>";
		};
		4DCDC1312770A0AB00D3896E /* LeaveApproval */ = {
			isa = PBXGroup;
			children = (
				4DCDC1322770A14D00D3896E /* LeaveApprovalDetailViewController.swift */,
				4D9E269027858F4B00EA93C2 /* ApprovalBgView.xib */,
				4D9E269227858F7000EA93C2 /* ApprovalBgView.swift */,
				4D9E269427859B6900EA93C2 /* HeaderBarTableView.xib */,
				4D9E269627859B7700EA93C2 /* HeaderBarTableView.swift */,
				4D9E269827859BFD00EA93C2 /* LeaveApprovalItemViewCell.swift */,
				4D9E269927859BFD00EA93C2 /* LeaveApprovalItemViewCell.xib */,
				4D98C34627AA797000A29539 /* AlertDialogViewController.swift */,
			);
			path = LeaveApproval;
			sourceTree = "<group>";
		};
		4DD0DD6B275CB37B005EE588 /* DailyAttendance */ = {
			isa = PBXGroup;
			children = (
				4DD0DD6C275CB7A4005EE588 /* DailyAttendance.storyboard */,
				4DD0DD6E275CB7C7005EE588 /* DailyAttendanceViewControllerDetails.swift */,
				4DD0DD70275CD5A7005EE588 /* DailyAttendanceBodyView.xib */,
				4DD0DD72275CD880005EE588 /* DailyAttendanceBodyView.swift */,
				4D7665B9275F5A5900358097 /* DailyAttendanceTableViewCell.swift */,
				4D7665BA275F5A5900358097 /* DailyAttendanceTableViewCell.xib */,
				4DBDEAE62760A65A002AD6FF /* LeaveStatusCollectionViewCell.swift */,
			);
			path = DailyAttendance;
			sourceTree = "<group>";
		};
		4DE38549274F528F00707916 /* HR */ = {
			isa = PBXGroup;
			children = (
				4DC804312751F03B0006A3E1 /* Tax */,
				4DC804302751EFCD0006A3E1 /* Leave */,
				4DC8042F2751EFA30006A3E1 /* Attendance */,
				4DE3854A274F533200707916 /* HRViewController.swift */,
				4DE3854C274F537300707916 /* HrBodyView.swift */,
				4DE3854E274F538700707916 /* HrBodyView.xib */,
				4DE38550274F7B7800707916 /* InnerHeader.xib */,
				4DE38552274F7B8D00707916 /* InnerHeader.swift */,
				4DE38554274F866C00707916 /* CommonFooter.swift */,
				4DE38556274F868100707916 /* CommonFooter.xib */,
			);
			path = HR;
			sourceTree = "<group>";
		};
		DB3CA16C918318186B553370 /* Pods */ = {
			isa = PBXGroup;
			children = (
				DC5E682C5B175BD4034E52A2 /* Pods-MascoAutomationApp.debug.xcconfig */,
				DBEA5008F8D6BBF25B210534 /* Pods-MascoAutomationApp.release.xcconfig */,
			);
			path = Pods;
			sourceTree = "<group>";
		};
/* End PBXGroup section */

/* Begin PBXNativeTarget section */
		4D7FB4C52744D45100B318DA /* MascoAutomationApp */ = {
			isa = PBXNativeTarget;
			buildConfigurationList = 4D7FB4DA2744D45200B318DA /* Build configuration list for PBXNativeTarget "MascoAutomationApp" */;
			buildPhases = (
				2D6B9776B9100DA77F233A05 /* [CP] Check Pods Manifest.lock */,
				4D7FB4C22744D45100B318DA /* Sources */,
				4D7FB4C32744D45100B318DA /* Frameworks */,
				4D7FB4C42744D45100B318DA /* Resources */,
				1A1B2B67F6F0AC77CCAF3416 /* [CP] Embed Pods Frameworks */,
			);
			buildRules = (
			);
			dependencies = (
			);
			name = MascoAutomationApp;
			productName = MascoAutomationApp;
			productReference = 4D7FB4C62744D45100B318DA /* MascoAutomationApp.app */;
			productType = "com.apple.product-type.application";
		};
/* End PBXNativeTarget section */

/* Begin PBXProject section */
		4D7FB4BE2744D45100B318DA /* Project object */ = {
			isa = PBXProject;
			attributes = {
				LastSwiftUpdateCheck = 1250;
				LastUpgradeCheck = 1250;
				TargetAttributes = {
					4D7FB4C52744D45100B318DA = {
						CreatedOnToolsVersion = 12.5;
					};
				};
			};
			buildConfigurationList = 4D7FB4C12744D45100B318DA /* Build configuration list for PBXProject "MascoAutomationApp" */;
			compatibilityVersion = "Xcode 9.3";
			developmentRegion = en;
			hasScannedForEncodings = 0;
			knownRegions = (
				en,
				Base,
			);
			mainGroup = 4D7FB4BD2744D45100B318DA;
			productRefGroup = 4D7FB4C72744D45100B318DA /* Products */;
			projectDirPath = "";
			projectRoot = "";
			targets = (
				4D7FB4C52744D45100B318DA /* MascoAutomationApp */,
			);
		};
/* End PBXProject section */

/* Begin PBXResourcesBuildPhase section */
		4D7FB4C42744D45100B318DA /* Resources */ = {
			isa = PBXResourcesBuildPhase;
			buildActionMask = 2147483647;
			files = (
				4D9A2B3427A4F4F900F86700 /* DDBodyView.xib in Resources */,
				4DC80448275226760006A3E1 /* IncomeTaxView.xib in Resources */,
				4DC3F4CB276F2C6D005F2958 /* ATMBodyView.xib in Resources */,
				4DCDC12E2770932A00D3896E /* LeaveApprovalBodyView.xib in Resources */,
				4DA65128274CA30F00488332 /* HomeScreenBody.xib in Resources */,
				4DD772C3274DF8FD003261F6 /* HeaderFooter.xib in Resources */,
				4D7665BC275F5A5900358097 /* DailyAttendanceTableViewCell.xib in Resources */,
				4DC3F4B9276EE2AF005F2958 /* HPDsTotalView.xib in Resources */,
				4D99D96E2765C8B3004E6259 /* TaxDetailsViewControllerCell.xib in Resources */,
				4DB0E0E12766FFE700B188E6 /* ApplyFormView.xib in Resources */,
				4DECB9DD278D7314000AC92F /* TotalAmountShowView.xib in Resources */,
				4DECB9E1278D780E000AC92F /* TotalAmountHPDsView.xib in Resources */,
				4DD0DD6D275CB7A4005EE588 /* DailyAttendance.storyboard in Resources */,
				4D9E269127858F4B00EA93C2 /* ApprovalBgView.xib in Resources */,
				4D27A684276DB2EF00F0E4BA /* HPDTitleView.xib in Resources */,
				4DC8044027520D8B0006A3E1 /* LeaveView.xib in Resources */,
				4D27A682276D970B00F0E4BA /* LWPViewControllerCell.xib in Resources */,
				4D9A2B3827A500AE00F86700 /* TrackingListViewCell.xib in Resources */,
				4DE38557274F868100707916 /* CommonFooter.xib in Resources */,
				4DE3854F274F538700707916 /* HrBodyView.xib in Resources */,
				4D27A67C276D8F7400F0E4BA /* LWPTitleView.xib in Resources */,
				4DD0DD71275CD5A7005EE588 /* DailyAttendanceBodyView.xib in Resources */,
				4DC3F4C9276F2077005F2958 /* ATM.storyboard in Resources */,
				4DD772BF274DF30D003261F6 /* HomeHeader.xib in Resources */,
				4D7FB4D62744D45200B318DA /* LaunchScreen.storyboard in Resources */,
				4DB0E0E427674A8200B188E6 /* PMS.storyboard in Resources */,
				4D9E269527859B6900EA93C2 /* HeaderBarTableView.xib in Resources */,
				4DC3F4C7276F18D4005F2958 /* SEM.storyboard in Resources */,
				4D27A68A276DB4CE00F0E4BA /* HPDViewControllerCell.xib in Resources */,
				4DC3F4BF276EF262005F2958 /* HPDsViewControllerCell.xib in Resources */,
				4DB0E0E827675AAE00B188E6 /* PMSBodyView.xib in Resources */,
				4DC804332751F3800006A3E1 /* DailyAttendanceView.xib in Resources */,
				4D116BFC276491070065C07D /* LeaveSummaryCollectionCell.xib in Resources */,
				4DAA634B276877F20073DBB0 /* GPMSBodyView.xib in Resources */,
				4D9E269B27859BFD00EA93C2 /* LeaveApprovalItemViewCell.xib in Resources */,
				4D9A2B3E27A526E200F86700 /* TrackingTableBodyView.xib in Resources */,
				4D116BF2276453590065C07D /* LeaveDetailsView.storyboard in Resources */,
				4D9A2B3A27A5178200F86700 /* TrackingDetailsBodyView.xib in Resources */,
				4D27A68C276DD97900F0E4BA /* BWPDTitleView.xib in Resources */,
				4DE38551274F7B7800707916 /* InnerHeader.xib in Resources */,
				4D7FB4D32744D45200B318DA /* Assets.xcassets in Resources */,
				4DC8043C275201BB0006A3E1 /* CommonHeaderView.xib in Resources */,
				4DCDC1282770696E00D3896E /* HRISBodyView.xib in Resources */,
				4D116BF62764791A0065C07D /* LeaveDetailsControllerCell.xib in Resources */,
				4D7FB4D12744D45100B318DA /* Main.storyboard in Resources */,
				4D466E40275DD51C005F0E3C /* LeaveApply.storyboard in Resources */,
				4D27A692276DD9ED00F0E4BA /* BWPDTitleViewControllerCell.xib in Resources */,
				4DC3F4D1276F2CAC005F2958 /* SEMBodyView.xib in Resources */,
				4DCDC126277067F900D3896E /* HRIS.storyboard in Resources */,
				4DA4052427A2B82400E0B7F4 /* DD.storyboard in Resources */,
				4D9A2B4427A54A3700F86700 /* TrackingDetailsTableViewCell.xib in Resources */,
				4D466E44275DD57C005F0E3C /* Tax.storyboard in Resources */,
			);
			runOnlyForDeploymentPostprocessing = 0;
		};
/* End PBXResourcesBuildPhase section */

/* Begin PBXShellScriptBuildPhase section */
		1A1B2B67F6F0AC77CCAF3416 /* [CP] Embed Pods Frameworks */ = {
			isa = PBXShellScriptBuildPhase;
			buildActionMask = 2147483647;
			files = (
			);
			inputFileListPaths = (
				"${PODS_ROOT}/Target Support Files/Pods-MascoAutomationApp/Pods-MascoAutomationApp-frameworks-${CONFIGURATION}-input-files.xcfilelist",
			);
			name = "[CP] Embed Pods Frameworks";
			outputFileListPaths = (
				"${PODS_ROOT}/Target Support Files/Pods-MascoAutomationApp/Pods-MascoAutomationApp-frameworks-${CONFIGURATION}-output-files.xcfilelist",
			);
			runOnlyForDeploymentPostprocessing = 0;
			shellPath = /bin/sh;
			shellScript = "\"${PODS_ROOT}/Target Support Files/Pods-MascoAutomationApp/Pods-MascoAutomationApp-frameworks.sh\"\n";
			showEnvVarsInLog = 0;
		};
		2D6B9776B9100DA77F233A05 /* [CP] Check Pods Manifest.lock */ = {
			isa = PBXShellScriptBuildPhase;
			buildActionMask = 2147483647;
			files = (
			);
			inputFileListPaths = (
			);
			inputPaths = (
				"${PODS_PODFILE_DIR_PATH}/Podfile.lock",
				"${PODS_ROOT}/Manifest.lock",
			);
			name = "[CP] Check Pods Manifest.lock";
			outputFileListPaths = (
			);
			outputPaths = (
				"$(DERIVED_FILE_DIR)/Pods-MascoAutomationApp-checkManifestLockResult.txt",
			);
			runOnlyForDeploymentPostprocessing = 0;
			shellPath = /bin/sh;
			shellScript = "diff \"${PODS_PODFILE_DIR_PATH}/Podfile.lock\" \"${PODS_ROOT}/Manifest.lock\" > /dev/null\nif [ $? != 0 ] ; then\n    # print error to STDERR\n    echo \"error: The sandbox is not in sync with the Podfile.lock. Run 'pod install' or update your CocoaPods installation.\" >&2\n    exit 1\nfi\n# This output is used by Xcode 'outputs' to avoid re-running this script phase.\necho \"SUCCESS\" > \"${SCRIPT_OUTPUT_FILE_0}\"\n";
			showEnvVarsInLog = 0;
		};
/* End PBXShellScriptBuildPhase section */

/* Begin PBXSourcesBuildPhase section */
		4D7FB4C22744D45100B318DA /* Sources */ = {
			isa = PBXSourcesBuildPhase;
			buildActionMask = 2147483647;
			files = (
				4DC4DF152748B48F00EF43ED /* OTPViewController.swift in Sources */,
				4DE3854D274F537300707916 /* HrBodyView.swift in Sources */,
				4D7FB4CE2744D45100B318DA /* ViewController.swift in Sources */,
				4DB0E0DD2766FB0800B188E6 /* LeaveApplyViewController.swift in Sources */,
				4DC3F4BE276EF262005F2958 /* HPDsViewControllerCell.swift in Sources */,
				4DC8044A27523DFA0006A3E1 /* NSObject+Extension.swift in Sources */,
				4DC3F4CF276F2C9D005F2958 /* SEMBodyView.swift in Sources */,
				4DC4DF172748FD7200EF43ED /* SignupViewController.swift in Sources */,
				4D8C5B4B27994E3D00FB8D3F /* PopUpViewController.swift in Sources */,
				4DD0DD5E275C6DE5005EE588 /* Utils.swift in Sources */,
				4DB0E0DF2766FFD900B188E6 /* ApplyFormView.swift in Sources */,
				4DECB9E3278D7CB4000AC92F /* TotalAmountHPDsView.swift in Sources */,
				4DC3F4C5276F1898005F2958 /* SEMViewController.swift in Sources */,
				4DBDEAE72760A65A002AD6FF /* LeaveStatusCollectionViewCell.swift in Sources */,
				4D7FB4CA2744D45100B318DA /* AppDelegate.swift in Sources */,
				4DC2D49427548861000EDCD8 /* InternetConnectionManager.swift in Sources */,
				4D466E49275DDE70005F0E3C /* LeaveDetailsViewController.swift in Sources */,
				4D99D96D2765C8B3004E6259 /* TaxDetailsViewControllerCell.swift in Sources */,
				4D00610B2799344200E13D26 /* QRCodeScannerViewController.swift in Sources */,
				4DCDC12A277069BE00D3896E /* HRISBodyView.swift in Sources */,
				4DD0DD6A275C8126005EE588 /* API.swift in Sources */,
				4DECB9DF278D732A000AC92F /* TotalAmountShowView.swift in Sources */,
				4DD772C7274E4AAC003261F6 /* SideMenuViewController.swift in Sources */,
				4D466E47275DDE45005F0E3C /* TaxDetailsViewController.swift in Sources */,
				4DA4052D27A2B8B900E0B7F4 /* TrackingListViewController.swift in Sources */,
				4DD0DD6F275CB7C7005EE588 /* DailyAttendanceViewControllerDetails.swift in Sources */,
				4DB0E0EA27675AC500B188E6 /* PMSBodyView.swift in Sources */,
				4DE38555274F866C00707916 /* CommonFooter.swift in Sources */,
				4DCDC124277067E700D3896E /* HRISViewController.swift in Sources */,
				4DC8043A275201930006A3E1 /* CommonHeaderView.swift in Sources */,
				4D27A68E276DD9D000F0E4BA /* BWPDTitleView.swift in Sources */,
				4DA6512F274CC85E00488332 /* HomeScreenBody.swift in Sources */,
				4DD772BD274DF2EA003261F6 /* HomeHeader.swift in Sources */,
				4D98C34727AA797000A29539 /* AlertDialogViewController.swift in Sources */,
				4DA4052B27A2B8A800E0B7F4 /* TrackingListDetailsViewController.swift in Sources */,
				4DA4052927A2B89300E0B7F4 /* DDViewController.swift in Sources */,
				4D27A691276DD9ED00F0E4BA /* BWPDTitleViewControllerCell.swift in Sources */,
				4DC3F4C3276F1886005F2958 /* ATMViewController.swift in Sources */,
				4DC3F4BB276EE2D1005F2958 /* HPDsTotalView.swift in Sources */,
				4D9E269727859B7700EA93C2 /* HeaderBarTableView.swift in Sources */,
				4D27A686276DB30E00F0E4BA /* HPDTitleView.swift in Sources */,
				4D9A2B4027A526FB00F86700 /* TrackingTableBodyView.swift in Sources */,
				4D116BFB276491070065C07D /* LeaveSummaryCollectionCell.swift in Sources */,
				4D9E269A27859BFD00EA93C2 /* LeaveApprovalItemViewCell.swift in Sources */,
				4DCDC1332770A14D00D3896E /* LeaveApprovalDetailViewController.swift in Sources */,
				4D9A2B3727A500AE00F86700 /* TrackingListViewCell.swift in Sources */,
				4DC8044227520DA70006A3E1 /* LeaveView.swift in Sources */,
				4DC3F4CD276F2C83005F2958 /* ATMBodyView.swift in Sources */,
				4D27A689276DB4CE00F0E4BA /* HPDViewControllerCell.swift in Sources */,
				4DC80444275226550006A3E1 /* IncomeTaxViewController.swift in Sources */,
				4D7FB4CC2744D45100B318DA /* SceneDelegate.swift in Sources */,
				4DC804352751F3960006A3E1 /* DailyAttendanceView.swift in Sources */,
				4D27A681276D970B00F0E4BA /* LWPViewControllerCell.swift in Sources */,
				4DC8043E27520BA80006A3E1 /* LeaveViewController.swift in Sources */,
				4DC804462752266A0006A3E1 /* IncomeTaxView.swift in Sources */,
				4DE38553274F7B8D00707916 /* InnerHeader.swift in Sources */,
				4D7665BB275F5A5900358097 /* DailyAttendanceTableViewCell.swift in Sources */,
				4D27A67E276D8F8300F0E4BA /* LWPTitleView.swift in Sources */,
				4D9A2B4327A54A3700F86700 /* TrackingDetailsTableViewCell.swift in Sources */,
				4D116BF52764791A0065C07D /* LeaveDetailsControllerCell.swift in Sources */,
				4DAA633F2768660B0073DBB0 /* HPDsViewController.swift in Sources */,
				4DD772C1274DF8EA003261F6 /* HeaderFooter.swift in Sources */,
				4DAA63432768662B0073DBB0 /* HPDViewController.swift in Sources */,
				4DAA63392768647E0073DBB0 /* GPMSViewController.swift in Sources */,
				4DA6512D274CA55A00488332 /* XibView.swift in Sources */,
				4DC7D87F2796AD8800D7762F /* Constant.swift in Sources */,
				4DCDC12C27708BF200D3896E /* LeaveApprovalViewController.swift in Sources */,
				4DE3854B274F533200707916 /* HRViewController.swift in Sources */,
				4DAA63412768661D0073DBB0 /* BWPDViewController.swift in Sources */,
				4DCDC12127703DD800D3896E /* CommunicationPortalViewController.swift in Sources */,
				4D9E269327858F7000EA93C2 /* ApprovalBgView.swift in Sources */,
				4DAA634D276878100073DBB0 /* GPMSBodyView.swift in Sources */,
				4DC804372752000D0006A3E1 /* DailyAttendanceViewController.swift in Sources */,
				4DCDC1302770933B00D3896E /* LeaveApprovalBodyView.swift in Sources */,
				4DAA6345276866420073DBB0 /* LWPViewController.swift in Sources */,
				4D9A2B3C27A5179200F86700 /* TrackingDetailsBodyView.swift in Sources */,
				4DB0E0E627674ABC00B188E6 /* PMSViewController.swift in Sources */,
				4DBB3B64274B91C90009339B /* HomeViewController.swift in Sources */,
				4D9A2B3227A4F4E700F86700 /* DDBodyView.swift in Sources */,
				4DD0DD73275CD880005EE588 /* DailyAttendanceBodyView.swift in Sources */,
			);
			runOnlyForDeploymentPostprocessing = 0;
		};
/* End PBXSourcesBuildPhase section */

/* Begin PBXVariantGroup section */
		4D7FB4CF2744D45100B318DA /* Main.storyboard */ = {
			isa = PBXVariantGroup;
			children = (
				4D7FB4D02744D45100B318DA /* Base */,
			);
			name = Main.storyboard;
			sourceTree = "<group>";
		};
		4D7FB4D42744D45200B318DA /* LaunchScreen.storyboard */ = {
			isa = PBXVariantGroup;
			children = (
				4D7FB4D52744D45200B318DA /* Base */,
			);
			name = LaunchScreen.storyboard;
			sourceTree = "<group>";
		};
/* End PBXVariantGroup section */

/* Begin XCBuildConfiguration section */
		4D7FB4D82744D45200B318DA /* Debug */ = {
			isa = XCBuildConfiguration;
			buildSettings = {
				ALWAYS_SEARCH_USER_PATHS = NO;
				CLANG_ANALYZER_NONNULL = YES;
				CLANG_ANALYZER_NUMBER_OBJECT_CONVERSION = YES_AGGRESSIVE;
				CLANG_CXX_LANGUAGE_STANDARD = "gnu++14";
				CLANG_CXX_LIBRARY = "libc++";
				CLANG_ENABLE_MODULES = YES;
				CLANG_ENABLE_OBJC_ARC = YES;
				CLANG_ENABLE_OBJC_WEAK = YES;
				CLANG_WARN_BLOCK_CAPTURE_AUTORELEASING = YES;
				CLANG_WARN_BOOL_CONVERSION = YES;
				CLANG_WARN_COMMA = YES;
				CLANG_WARN_CONSTANT_CONVERSION = YES;
				CLANG_WARN_DEPRECATED_OBJC_IMPLEMENTATIONS = YES;
				CLANG_WARN_DIRECT_OBJC_ISA_USAGE = YES_ERROR;
				CLANG_WARN_DOCUMENTATION_COMMENTS = YES;
				CLANG_WARN_EMPTY_BODY = YES;
				CLANG_WARN_ENUM_CONVERSION = YES;
				CLANG_WARN_INFINITE_RECURSION = YES;
				CLANG_WARN_INT_CONVERSION = YES;
				CLANG_WARN_NON_LITERAL_NULL_CONVERSION = YES;
				CLANG_WARN_OBJC_IMPLICIT_RETAIN_SELF = YES;
				CLANG_WARN_OBJC_LITERAL_CONVERSION = YES;
				CLANG_WARN_OBJC_ROOT_CLASS = YES_ERROR;
				CLANG_WARN_QUOTED_INCLUDE_IN_FRAMEWORK_HEADER = YES;
				CLANG_WARN_RANGE_LOOP_ANALYSIS = YES;
				CLANG_WARN_STRICT_PROTOTYPES = YES;
				CLANG_WARN_SUSPICIOUS_MOVE = YES;
				CLANG_WARN_UNGUARDED_AVAILABILITY = YES_AGGRESSIVE;
				CLANG_WARN_UNREACHABLE_CODE = YES;
				CLANG_WARN__DUPLICATE_METHOD_MATCH = YES;
				COPY_PHASE_STRIP = NO;
				DEBUG_INFORMATION_FORMAT = dwarf;
				ENABLE_STRICT_OBJC_MSGSEND = YES;
				ENABLE_TESTABILITY = YES;
				GCC_C_LANGUAGE_STANDARD = gnu11;
				GCC_DYNAMIC_NO_PIC = NO;
				GCC_NO_COMMON_BLOCKS = YES;
				GCC_OPTIMIZATION_LEVEL = 0;
				GCC_PREPROCESSOR_DEFINITIONS = (
					"DEBUG=1",
					"$(inherited)",
				);
				GCC_WARN_64_TO_32_BIT_CONVERSION = YES;
				GCC_WARN_ABOUT_RETURN_TYPE = YES_ERROR;
				GCC_WARN_UNDECLARED_SELECTOR = YES;
				GCC_WARN_UNINITIALIZED_AUTOS = YES_AGGRESSIVE;
				GCC_WARN_UNUSED_FUNCTION = YES;
				GCC_WARN_UNUSED_VARIABLE = YES;
				IPHONEOS_DEPLOYMENT_TARGET = 14.5;
				MTL_ENABLE_DEBUG_INFO = INCLUDE_SOURCE;
				MTL_FAST_MATH = YES;
				ONLY_ACTIVE_ARCH = YES;
				SDKROOT = iphoneos;
				SWIFT_ACTIVE_COMPILATION_CONDITIONS = DEBUG;
				SWIFT_OPTIMIZATION_LEVEL = "-Onone";
			};
			name = Debug;
		};
		4D7FB4D92744D45200B318DA /* Release */ = {
			isa = XCBuildConfiguration;
			buildSettings = {
				ALWAYS_SEARCH_USER_PATHS = NO;
				CLANG_ANALYZER_NONNULL = YES;
				CLANG_ANALYZER_NUMBER_OBJECT_CONVERSION = YES_AGGRESSIVE;
				CLANG_CXX_LANGUAGE_STANDARD = "gnu++14";
				CLANG_CXX_LIBRARY = "libc++";
				CLANG_ENABLE_MODULES = YES;
				CLANG_ENABLE_OBJC_ARC = YES;
				CLANG_ENABLE_OBJC_WEAK = YES;
				CLANG_WARN_BLOCK_CAPTURE_AUTORELEASING = YES;
				CLANG_WARN_BOOL_CONVERSION = YES;
				CLANG_WARN_COMMA = YES;
				CLANG_WARN_CONSTANT_CONVERSION = YES;
				CLANG_WARN_DEPRECATED_OBJC_IMPLEMENTATIONS = YES;
				CLANG_WARN_DIRECT_OBJC_ISA_USAGE = YES_ERROR;
				CLANG_WARN_DOCUMENTATION_COMMENTS = YES;
				CLANG_WARN_EMPTY_BODY = YES;
				CLANG_WARN_ENUM_CONVERSION = YES;
				CLANG_WARN_INFINITE_RECURSION = YES;
				CLANG_WARN_INT_CONVERSION = YES;
				CLANG_WARN_NON_LITERAL_NULL_CONVERSION = YES;
				CLANG_WARN_OBJC_IMPLICIT_RETAIN_SELF = YES;
				CLANG_WARN_OBJC_LITERAL_CONVERSION = YES;
				CLANG_WARN_OBJC_ROOT_CLASS = YES_ERROR;
				CLANG_WARN_QUOTED_INCLUDE_IN_FRAMEWORK_HEADER = YES;
				CLANG_WARN_RANGE_LOOP_ANALYSIS = YES;
				CLANG_WARN_STRICT_PROTOTYPES = YES;
				CLANG_WARN_SUSPICIOUS_MOVE = YES;
				CLANG_WARN_UNGUARDED_AVAILABILITY = YES_AGGRESSIVE;
				CLANG_WARN_UNREACHABLE_CODE = YES;
				CLANG_WARN__DUPLICATE_METHOD_MATCH = YES;
				COPY_PHASE_STRIP = NO;
				DEBUG_INFORMATION_FORMAT = "dwarf-with-dsym";
				ENABLE_NS_ASSERTIONS = NO;
				ENABLE_STRICT_OBJC_MSGSEND = YES;
				GCC_C_LANGUAGE_STANDARD = gnu11;
				GCC_NO_COMMON_BLOCKS = YES;
				GCC_WARN_64_TO_32_BIT_CONVERSION = YES;
				GCC_WARN_ABOUT_RETURN_TYPE = YES_ERROR;
				GCC_WARN_UNDECLARED_SELECTOR = YES;
				GCC_WARN_UNINITIALIZED_AUTOS = YES_AGGRESSIVE;
				GCC_WARN_UNUSED_FUNCTION = YES;
				GCC_WARN_UNUSED_VARIABLE = YES;
				IPHONEOS_DEPLOYMENT_TARGET = 14.5;
				MTL_ENABLE_DEBUG_INFO = NO;
				MTL_FAST_MATH = YES;
				SDKROOT = iphoneos;
				SWIFT_COMPILATION_MODE = wholemodule;
				SWIFT_OPTIMIZATION_LEVEL = "-O";
				VALIDATE_PRODUCT = YES;
			};
			name = Release;
		};
		4D7FB4DB2744D45200B318DA /* Debug */ = {
			isa = XCBuildConfiguration;
			baseConfigurationReference = DC5E682C5B175BD4034E52A2 /* Pods-MascoAutomationApp.debug.xcconfig */;
			buildSettings = {
				ASSETCATALOG_COMPILER_APPICON_NAME = AppIcon;
				ASSETCATALOG_COMPILER_GLOBAL_ACCENT_COLOR_NAME = AccentColor;
				CODE_SIGN_STYLE = Automatic;
				DEVELOPMENT_TEAM = 92D22YMD5G;
				INFOPLIST_FILE = MascoAutomationApp/Info.plist;
				LD_RUNPATH_SEARCH_PATHS = (
					"$(inherited)",
					"@executable_path/Frameworks",
				);
				PRODUCT_BUNDLE_IDENTIFIER = com.bd.masco.MascoAutomationApp;
				PRODUCT_NAME = "$(TARGET_NAME)";
				SWIFT_VERSION = 5.0;
				TARGETED_DEVICE_FAMILY = "1,2";
			};
			name = Debug;
		};
		4D7FB4DC2744D45200B318DA /* Release */ = {
			isa = XCBuildConfiguration;
			baseConfigurationReference = DBEA5008F8D6BBF25B210534 /* Pods-MascoAutomationApp.release.xcconfig */;
			buildSettings = {
				ASSETCATALOG_COMPILER_APPICON_NAME = AppIcon;
				ASSETCATALOG_COMPILER_GLOBAL_ACCENT_COLOR_NAME = AccentColor;
				CODE_SIGN_STYLE = Automatic;
				DEVELOPMENT_TEAM = 92D22YMD5G;
				INFOPLIST_FILE = MascoAutomationApp/Info.plist;
				LD_RUNPATH_SEARCH_PATHS = (
					"$(inherited)",
					"@executable_path/Frameworks",
				);
				PRODUCT_BUNDLE_IDENTIFIER = com.bd.masco.MascoAutomationApp;
				PRODUCT_NAME = "$(TARGET_NAME)";
				SWIFT_VERSION = 5.0;
				TARGETED_DEVICE_FAMILY = "1,2";
			};
			name = Release;
		};
/* End XCBuildConfiguration section */

/* Begin XCConfigurationList section */
		4D7FB4C12744D45100B318DA /* Build configuration list for PBXProject "MascoAutomationApp" */ = {
			isa = XCConfigurationList;
			buildConfigurations = (
				4D7FB4D82744D45200B318DA /* Debug */,
				4D7FB4D92744D45200B318DA /* Release */,
			);
			defaultConfigurationIsVisible = 0;
			defaultConfigurationName = Release;
		};
		4D7FB4DA2744D45200B318DA /* Build configuration list for PBXNativeTarget "MascoAutomationApp" */ = {
			isa = XCConfigurationList;
			buildConfigurations = (
				4D7FB4DB2744D45200B318DA /* Debug */,
				4D7FB4DC2744D45200B318DA /* Release */,
			);
			defaultConfigurationIsVisible = 0;
			defaultConfigurationName = Release;
		};
/* End XCConfigurationList section */
	};
	rootObject = 4D7FB4BE2744D45100B318DA /* Project object */;
}
